PODS:
  - AFNetworking (3.0.4):
    - AFNetworking/NSURLSession (= 3.0.4)
    - AFNetworking/Reachability (= 3.0.4)
    - AFNetworking/Security (= 3.0.4)
    - AFNetworking/Serialization (= 3.0.4)
    - AFNetworking/UIKit (= 3.0.4)
  - AFNetworking/NSURLSession (3.0.4):
    - AFNetworking/Reachability
    - AFNetworking/Security
    - AFNetworking/Serialization
  - AFNetworking/Reachability (3.0.4)
  - AFNetworking/Security (3.0.4)
  - AFNetworking/Serialization (3.0.4)
  - AFNetworking/UIKit (3.0.4):
    - AFNetworking/NSURLSession
  - Bolts/Tasks (1.9.1)
  - DateTools (2.0.0)
  - DZNEmptyDataSet (1.8.1)
  - MBCalendarKit (5.1.0)
  - Parse (1.19.3):
    - Parse/Core (= 1.19.3)
  - Parse/Core (1.19.3):
    - Bolts/Tasks (= 1.9.1)

DEPENDENCIES:
  - AFNetworking
  - DateTools
  - DZNEmptyDataSet
  - MBCalendarKit
  - Parse

SPEC REPOS:
  trunk:
    - AFNetworking
    - Bolts
    - DateTools
    - DZNEmptyDataSet
    - MBCalendarKit
    - Parse

SPEC CHECKSUMS:
  AFNetworking: a0075feb321559dc78d9d85b55d11caa19eabb93
  Bolts: 8c1e8aab2f603387b8b9924f57d1d64f43d3ffdc
  DateTools: 933ac9c490f21f92127cf690ccd8c397e0126caf
  DZNEmptyDataSet: 9525833b9e68ac21c30253e1d3d7076cc828eaa7
  MBCalendarKit: d5bf07cddd24ff26b79ddf37d6f960df623d66e9
  Parse: 0abb63a0ff6fa34a3f64b81d595a294e2ece143a

PODFILE CHECKSUM: 90c5fd4c8266d2e20ff183b3adf51af422c2be46

COCOAPODS: 1.11.3
