// !$*UTF8*$!
{
	archiveVersion = 1;
	classes = {
	};
	objectVersion = 55;
	objects = {

/* Begin PBXBuildFile section */
		08F3A736C04B199B7D2918A8 /* Pods_Playmate.framework in Frameworks */ = {isa = PBXBuildFile; fileRef = 14FD77B182A0096E02A5A865 /* Pods_Playmate.framework */; };
		3C383FD52877416D00BC9B55 /* Constants.m in Sources */ = {isa = PBXBuildFile; fileRef = 3C383FD42877416D00BC9B55 /* Constants.m */; };
		3C383FDD28775D2A00BC9B55 /* APIManager.m in Sources */ = {isa = PBXBuildFile; fileRef = 3C383FDC28775D2A00BC9B55 /* APIManager.m */; };
		3C45B565286E64EB00EE578F /* WelcomeViewController.m in Sources */ = {isa = PBXBuildFile; fileRef = 3C45B564286E64EB00EE578F /* WelcomeViewController.m */; };
		3C45B5682871856500EE578F /* CreateViewController.m in Sources */ = {isa = PBXBuildFile; fileRef = 3C45B5672871856500EE578F /* CreateViewController.m */; };
		3C45B56B2871856E00EE578F /* LoginViewController.m in Sources */ = {isa = PBXBuildFile; fileRef = 3C45B56A2871856E00EE578F /* LoginViewController.m */; };
		3C45B56D287285AC00EE578F /* Keys.plist in Resources */ = {isa = PBXBuildFile; fileRef = 3C45B56C287285AC00EE578F /* Keys.plist */; };
		3C45B574287297EB00EE578F /* HomeViewController.m in Sources */ = {isa = PBXBuildFile; fileRef = 3C45B573287297EB00EE578F /* HomeViewController.m */; };
		3C45B578287299C200EE578F /* ProfileViewController.m in Sources */ = {isa = PBXBuildFile; fileRef = 3C45B577287299C200EE578F /* ProfileViewController.m */; };
		3C45B58928737E6200EE578F /* SearchViewController.m in Sources */ = {isa = PBXBuildFile; fileRef = 3C45B58828737E6200EE578F /* SearchViewController.m */; };
		3C45B5902874BB7500EE578F /* Session.m in Sources */ = {isa = PBXBuildFile; fileRef = 3C45B58F2874BB7500EE578F /* Session.m */; };
		3C45B5932874C0ED00EE578F /* Location.m in Sources */ = {isa = PBXBuildFile; fileRef = 3C45B5922874C0ED00EE578F /* Location.m */; };
		3C45B59B2874D91800EE578F /* SessionCell.m in Sources */ = {isa = PBXBuildFile; fileRef = 3C45B59A2874D91800EE578F /* SessionCell.m */; };
		3C45B59E2875060700EE578F /* SessionDetailsViewController.m in Sources */ = {isa = PBXBuildFile; fileRef = 3C45B59D2875060700EE578F /* SessionDetailsViewController.m */; };
		3C45B5A4287606EF00EE578F /* SelectMapViewController.m in Sources */ = {isa = PBXBuildFile; fileRef = 3C45B5A3287606EF00EE578F /* SelectMapViewController.m */; };
		3C45B5A728760C1E00EE578F /* Filters.m in Sources */ = {isa = PBXBuildFile; fileRef = 3C45B5A628760C1E00EE578F /* Filters.m */; };
		3CF4186428765585009741FF /* MapKit.framework in Frameworks */ = {isa = PBXBuildFile; fileRef = 3CF4186328765585009741FF /* MapKit.framework */; };
		3CF4A58A2878AA1A000C5E7D /* EditProfileViewController.m in Sources */ = {isa = PBXBuildFile; fileRef = 3CF4A5892878AA1A000C5E7D /* EditProfileViewController.m */; };
		3CF4A58D2878DFA6000C5E7D /* CalendarViewController.m in Sources */ = {isa = PBXBuildFile; fileRef = 3CF4A58C2878DFA6000C5E7D /* CalendarViewController.m */; };
		3CF4A596287A6088000C5E7D /* CreateMenuViewController.m in Sources */ = {isa = PBXBuildFile; fileRef = 3CF4A595287A6088000C5E7D /* CreateMenuViewController.m */; };
		3CF4A59C287A60F0000C5E7D /* MenuPickerCell.m in Sources */ = {isa = PBXBuildFile; fileRef = 3CF4A59B287A60F0000C5E7D /* MenuPickerCell.m */; };
		3CF4A59F287A991E000C5E7D /* LocationPickerCell.m in Sources */ = {isa = PBXBuildFile; fileRef = 3CF4A59E287A991E000C5E7D /* LocationPickerCell.m */; };
		3CF4A5A5287B6647000C5E7D /* FiltersMenuViewController.m in Sources */ = {isa = PBXBuildFile; fileRef = 3CF4A5A4287B6647000C5E7D /* FiltersMenuViewController.m */; };
		3CF4A5A8287B67B4000C5E7D /* FiltersMenuPickerCell.m in Sources */ = {isa = PBXBuildFile; fileRef = 3CF4A5A7287B67B4000C5E7D /* FiltersMenuPickerCell.m */; };
		3CF4A5AB287C962D000C5E7D /* PlayerProfileCollectionCell.m in Sources */ = {isa = PBXBuildFile; fileRef = 3CF4A5AA287C962D000C5E7D /* PlayerProfileCollectionCell.m */; };
		3CF4A5AF287CA9D1000C5E7D /* PlayerProfileViewController.m in Sources */ = {isa = PBXBuildFile; fileRef = 3CF4A5AE287CA9D1000C5E7D /* PlayerProfileViewController.m */; };
		3CF652A9286D036600BD5EDB /* AppDelegate.m in Sources */ = {isa = PBXBuildFile; fileRef = 3CF652A8286D036600BD5EDB /* AppDelegate.m */; };
		3CF652AC286D036600BD5EDB /* SceneDelegate.m in Sources */ = {isa = PBXBuildFile; fileRef = 3CF652AB286D036600BD5EDB /* SceneDelegate.m */; };
		3CF652B2286D036600BD5EDB /* Main.storyboard in Resources */ = {isa = PBXBuildFile; fileRef = 3CF652B0286D036600BD5EDB /* Main.storyboard */; };
		3CF652B4286D036700BD5EDB /* Assets.xcassets in Resources */ = {isa = PBXBuildFile; fileRef = 3CF652B3286D036700BD5EDB /* Assets.xcassets */; };
		3CF652B7286D036700BD5EDB /* LaunchScreen.storyboard in Resources */ = {isa = PBXBuildFile; fileRef = 3CF652B5286D036700BD5EDB /* LaunchScreen.storyboard */; };
		3CF652BA286D036700BD5EDB /* main.m in Sources */ = {isa = PBXBuildFile; fileRef = 3CF652B9286D036700BD5EDB /* main.m */; };
		3CF652C4286D036700BD5EDB /* PlaymateTests.m in Sources */ = {isa = PBXBuildFile; fileRef = 3CF652C3286D036700BD5EDB /* PlaymateTests.m */; };
		3CF652CE286D036700BD5EDB /* PlaymateUITests.m in Sources */ = {isa = PBXBuildFile; fileRef = 3CF652CD286D036700BD5EDB /* PlaymateUITests.m */; };
		3CF652D0286D036700BD5EDB /* PlaymateUITestsLaunchTests.m in Sources */ = {isa = PBXBuildFile; fileRef = 3CF652CF286D036700BD5EDB /* PlaymateUITestsLaunchTests.m */; };
		D2D69269F70D6564CC66B8A1 /* Pods_Playmate_PlaymateUITests.framework in Frameworks */ = {isa = PBXBuildFile; fileRef = B1B6F79117AE56A6A59A2541 /* Pods_Playmate_PlaymateUITests.framework */; };
		DA3C9AA342AAB87145C3FFCC /* Pods_PlaymateTests.framework in Frameworks */ = {isa = PBXBuildFile; fileRef = 8FAAD0A3E2A9D73FAA33A956 /* Pods_PlaymateTests.framework */; };
/* End PBXBuildFile section */

/* Begin PBXContainerItemProxy section */
		3CF652C0286D036700BD5EDB /* PBXContainerItemProxy */ = {
			isa = PBXContainerItemProxy;
			containerPortal = 3CF6529C286D036600BD5EDB /* Project object */;
			proxyType = 1;
			remoteGlobalIDString = 3CF652A3286D036600BD5EDB;
			remoteInfo = Playmate;
		};
		3CF652CA286D036700BD5EDB /* PBXContainerItemProxy */ = {
			isa = PBXContainerItemProxy;
			containerPortal = 3CF6529C286D036600BD5EDB /* Project object */;
			proxyType = 1;
			remoteGlobalIDString = 3CF652A3286D036600BD5EDB;
			remoteInfo = Playmate;
		};
/* End PBXContainerItemProxy section */

/* Begin PBXFileReference section */
		10B5CDD850AA6D824EFB0D44 /* Pods-PlaymateTests.debug.xcconfig */ = {isa = PBXFileReference; includeInIndex = 1; lastKnownFileType = text.xcconfig; name = "Pods-PlaymateTests.debug.xcconfig"; path = "Target Support Files/Pods-PlaymateTests/Pods-PlaymateTests.debug.xcconfig"; sourceTree = "<group>"; };
		14FD77B182A0096E02A5A865 /* Pods_Playmate.framework */ = {isa = PBXFileReference; explicitFileType = wrapper.framework; includeInIndex = 0; path = Pods_Playmate.framework; sourceTree = BUILT_PRODUCTS_DIR; };
		356830720495914AEBE45D47 /* Pods-PlaymateTests.release.xcconfig */ = {isa = PBXFileReference; includeInIndex = 1; lastKnownFileType = text.xcconfig; name = "Pods-PlaymateTests.release.xcconfig"; path = "Target Support Files/Pods-PlaymateTests/Pods-PlaymateTests.release.xcconfig"; sourceTree = "<group>"; };
		3C383FD32877416D00BC9B55 /* Constants.h */ = {isa = PBXFileReference; lastKnownFileType = sourcecode.c.h; path = Constants.h; sourceTree = "<group>"; };
		3C383FD42877416D00BC9B55 /* Constants.m */ = {isa = PBXFileReference; lastKnownFileType = sourcecode.c.objc; path = Constants.m; sourceTree = "<group>"; };
		3C383FDB28775D2A00BC9B55 /* APIManager.h */ = {isa = PBXFileReference; lastKnownFileType = sourcecode.c.h; path = APIManager.h; sourceTree = "<group>"; };
		3C383FDC28775D2A00BC9B55 /* APIManager.m */ = {isa = PBXFileReference; lastKnownFileType = sourcecode.c.objc; path = APIManager.m; sourceTree = "<group>"; };
		3C45B563286E64EB00EE578F /* WelcomeViewController.h */ = {isa = PBXFileReference; lastKnownFileType = sourcecode.c.h; path = WelcomeViewController.h; sourceTree = "<group>"; };
		3C45B564286E64EB00EE578F /* WelcomeViewController.m */ = {isa = PBXFileReference; lastKnownFileType = sourcecode.c.objc; path = WelcomeViewController.m; sourceTree = "<group>"; };
		3C45B5662871856500EE578F /* CreateViewController.h */ = {isa = PBXFileReference; lastKnownFileType = sourcecode.c.h; path = CreateViewController.h; sourceTree = "<group>"; };
		3C45B5672871856500EE578F /* CreateViewController.m */ = {isa = PBXFileReference; lastKnownFileType = sourcecode.c.objc; path = CreateViewController.m; sourceTree = "<group>"; };
		3C45B5692871856E00EE578F /* LoginViewController.h */ = {isa = PBXFileReference; lastKnownFileType = sourcecode.c.h; path = LoginViewController.h; sourceTree = "<group>"; };
		3C45B56A2871856E00EE578F /* LoginViewController.m */ = {isa = PBXFileReference; lastKnownFileType = sourcecode.c.objc; path = LoginViewController.m; sourceTree = "<group>"; };
		3C45B56C287285AC00EE578F /* Keys.plist */ = {isa = PBXFileReference; lastKnownFileType = text.plist.xml; path = Keys.plist; sourceTree = "<group>"; };
		3C45B572287297EB00EE578F /* HomeViewController.h */ = {isa = PBXFileReference; lastKnownFileType = sourcecode.c.h; path = HomeViewController.h; sourceTree = "<group>"; };
		3C45B573287297EB00EE578F /* HomeViewController.m */ = {isa = PBXFileReference; lastKnownFileType = sourcecode.c.objc; path = HomeViewController.m; sourceTree = "<group>"; };
		3C45B576287299C200EE578F /* ProfileViewController.h */ = {isa = PBXFileReference; lastKnownFileType = sourcecode.c.h; path = ProfileViewController.h; sourceTree = "<group>"; };
		3C45B577287299C200EE578F /* ProfileViewController.m */ = {isa = PBXFileReference; lastKnownFileType = sourcecode.c.objc; path = ProfileViewController.m; sourceTree = "<group>"; };
		3C45B58728737E6200EE578F /* SearchViewController.h */ = {isa = PBXFileReference; lastKnownFileType = sourcecode.c.h; path = SearchViewController.h; sourceTree = "<group>"; };
		3C45B58828737E6200EE578F /* SearchViewController.m */ = {isa = PBXFileReference; lastKnownFileType = sourcecode.c.objc; path = SearchViewController.m; sourceTree = "<group>"; };
		3C45B58E2874BB7500EE578F /* Session.h */ = {isa = PBXFileReference; lastKnownFileType = sourcecode.c.h; path = Session.h; sourceTree = "<group>"; };
		3C45B58F2874BB7500EE578F /* Session.m */ = {isa = PBXFileReference; lastKnownFileType = sourcecode.c.objc; path = Session.m; sourceTree = "<group>"; };
		3C45B5912874C0ED00EE578F /* Location.h */ = {isa = PBXFileReference; lastKnownFileType = sourcecode.c.h; path = Location.h; sourceTree = "<group>"; };
		3C45B5922874C0ED00EE578F /* Location.m */ = {isa = PBXFileReference; lastKnownFileType = sourcecode.c.objc; path = Location.m; sourceTree = "<group>"; };
		3C45B5992874D91800EE578F /* SessionCell.h */ = {isa = PBXFileReference; lastKnownFileType = sourcecode.c.h; path = SessionCell.h; sourceTree = "<group>"; };
		3C45B59A2874D91800EE578F /* SessionCell.m */ = {isa = PBXFileReference; lastKnownFileType = sourcecode.c.objc; path = SessionCell.m; sourceTree = "<group>"; };
		3C45B59C2875060700EE578F /* SessionDetailsViewController.h */ = {isa = PBXFileReference; lastKnownFileType = sourcecode.c.h; path = SessionDetailsViewController.h; sourceTree = "<group>"; };
		3C45B59D2875060700EE578F /* SessionDetailsViewController.m */ = {isa = PBXFileReference; lastKnownFileType = sourcecode.c.objc; path = SessionDetailsViewController.m; sourceTree = "<group>"; };
		3C45B5A2287606EF00EE578F /* SelectMapViewController.h */ = {isa = PBXFileReference; lastKnownFileType = sourcecode.c.h; path = SelectMapViewController.h; sourceTree = "<group>"; };
		3C45B5A3287606EF00EE578F /* SelectMapViewController.m */ = {isa = PBXFileReference; lastKnownFileType = sourcecode.c.objc; path = SelectMapViewController.m; sourceTree = "<group>"; };
		3C45B5A528760C1E00EE578F /* Filters.h */ = {isa = PBXFileReference; lastKnownFileType = sourcecode.c.h; path = Filters.h; sourceTree = "<group>"; };
		3C45B5A628760C1E00EE578F /* Filters.m */ = {isa = PBXFileReference; lastKnownFileType = sourcecode.c.objc; path = Filters.m; sourceTree = "<group>"; };
		3CF4186328765585009741FF /* MapKit.framework */ = {isa = PBXFileReference; lastKnownFileType = wrapper.framework; name = MapKit.framework; path = System/Library/Frameworks/MapKit.framework; sourceTree = SDKROOT; };
		3CF4A5882878AA1A000C5E7D /* EditProfileViewController.h */ = {isa = PBXFileReference; lastKnownFileType = sourcecode.c.h; path = EditProfileViewController.h; sourceTree = "<group>"; };
		3CF4A5892878AA1A000C5E7D /* EditProfileViewController.m */ = {isa = PBXFileReference; lastKnownFileType = sourcecode.c.objc; path = EditProfileViewController.m; sourceTree = "<group>"; };
		3CF4A58B2878DFA6000C5E7D /* CalendarViewController.h */ = {isa = PBXFileReference; lastKnownFileType = sourcecode.c.h; path = CalendarViewController.h; sourceTree = "<group>"; };
		3CF4A58C2878DFA6000C5E7D /* CalendarViewController.m */ = {isa = PBXFileReference; lastKnownFileType = sourcecode.c.objc; path = CalendarViewController.m; sourceTree = "<group>"; };
		3CF4A594287A6088000C5E7D /* CreateMenuViewController.h */ = {isa = PBXFileReference; lastKnownFileType = sourcecode.c.h; path = CreateMenuViewController.h; sourceTree = "<group>"; };
		3CF4A595287A6088000C5E7D /* CreateMenuViewController.m */ = {isa = PBXFileReference; lastKnownFileType = sourcecode.c.objc; path = CreateMenuViewController.m; sourceTree = "<group>"; };
		3CF4A59A287A60F0000C5E7D /* MenuPickerCell.h */ = {isa = PBXFileReference; lastKnownFileType = sourcecode.c.h; path = MenuPickerCell.h; sourceTree = "<group>"; };
		3CF4A59B287A60F0000C5E7D /* MenuPickerCell.m */ = {isa = PBXFileReference; lastKnownFileType = sourcecode.c.objc; path = MenuPickerCell.m; sourceTree = "<group>"; };
		3CF4A59D287A991E000C5E7D /* LocationPickerCell.h */ = {isa = PBXFileReference; lastKnownFileType = sourcecode.c.h; path = LocationPickerCell.h; sourceTree = "<group>"; };
		3CF4A59E287A991E000C5E7D /* LocationPickerCell.m */ = {isa = PBXFileReference; lastKnownFileType = sourcecode.c.objc; path = LocationPickerCell.m; sourceTree = "<group>"; };
		3CF4A5A3287B6647000C5E7D /* FiltersMenuViewController.h */ = {isa = PBXFileReference; lastKnownFileType = sourcecode.c.h; path = FiltersMenuViewController.h; sourceTree = "<group>"; };
		3CF4A5A4287B6647000C5E7D /* FiltersMenuViewController.m */ = {isa = PBXFileReference; lastKnownFileType = sourcecode.c.objc; path = FiltersMenuViewController.m; sourceTree = "<group>"; };
		3CF4A5A6287B67B4000C5E7D /* FiltersMenuPickerCell.h */ = {isa = PBXFileReference; lastKnownFileType = sourcecode.c.h; path = FiltersMenuPickerCell.h; sourceTree = "<group>"; };
		3CF4A5A7287B67B4000C5E7D /* FiltersMenuPickerCell.m */ = {isa = PBXFileReference; lastKnownFileType = sourcecode.c.objc; path = FiltersMenuPickerCell.m; sourceTree = "<group>"; };
		3CF4A5A9287C962D000C5E7D /* PlayerProfileCollectionCell.h */ = {isa = PBXFileReference; lastKnownFileType = sourcecode.c.h; path = PlayerProfileCollectionCell.h; sourceTree = "<group>"; };
		3CF4A5AA287C962D000C5E7D /* PlayerProfileCollectionCell.m */ = {isa = PBXFileReference; lastKnownFileType = sourcecode.c.objc; path = PlayerProfileCollectionCell.m; sourceTree = "<group>"; };
		3CF4A5AD287CA9D1000C5E7D /* PlayerProfileViewController.h */ = {isa = PBXFileReference; lastKnownFileType = sourcecode.c.h; path = PlayerProfileViewController.h; sourceTree = "<group>"; };
		3CF4A5AE287CA9D1000C5E7D /* PlayerProfileViewController.m */ = {isa = PBXFileReference; lastKnownFileType = sourcecode.c.objc; path = PlayerProfileViewController.m; sourceTree = "<group>"; };
		3CF652A4286D036600BD5EDB /* Playmate.app */ = {isa = PBXFileReference; explicitFileType = wrapper.application; includeInIndex = 0; path = Playmate.app; sourceTree = BUILT_PRODUCTS_DIR; };
		3CF652A7286D036600BD5EDB /* AppDelegate.h */ = {isa = PBXFileReference; lastKnownFileType = sourcecode.c.h; path = AppDelegate.h; sourceTree = "<group>"; };
		3CF652A8286D036600BD5EDB /* AppDelegate.m */ = {isa = PBXFileReference; lastKnownFileType = sourcecode.c.objc; path = AppDelegate.m; sourceTree = "<group>"; };
		3CF652AA286D036600BD5EDB /* SceneDelegate.h */ = {isa = PBXFileReference; lastKnownFileType = sourcecode.c.h; path = SceneDelegate.h; sourceTree = "<group>"; };
		3CF652AB286D036600BD5EDB /* SceneDelegate.m */ = {isa = PBXFileReference; lastKnownFileType = sourcecode.c.objc; path = SceneDelegate.m; sourceTree = "<group>"; };
		3CF652B1286D036600BD5EDB /* Base */ = {isa = PBXFileReference; lastKnownFileType = file.storyboard; name = Base; path = Base.lproj/Main.storyboard; sourceTree = "<group>"; };
		3CF652B3286D036700BD5EDB /* Assets.xcassets */ = {isa = PBXFileReference; lastKnownFileType = folder.assetcatalog; path = Assets.xcassets; sourceTree = "<group>"; };
		3CF652B6286D036700BD5EDB /* Base */ = {isa = PBXFileReference; lastKnownFileType = file.storyboard; name = Base; path = Base.lproj/LaunchScreen.storyboard; sourceTree = "<group>"; };
		3CF652B8286D036700BD5EDB /* Info.plist */ = {isa = PBXFileReference; lastKnownFileType = text.plist.xml; path = Info.plist; sourceTree = "<group>"; };
		3CF652B9286D036700BD5EDB /* main.m */ = {isa = PBXFileReference; lastKnownFileType = sourcecode.c.objc; path = main.m; sourceTree = "<group>"; };
		3CF652BF286D036700BD5EDB /* PlaymateTests.xctest */ = {isa = PBXFileReference; explicitFileType = wrapper.cfbundle; includeInIndex = 0; path = PlaymateTests.xctest; sourceTree = BUILT_PRODUCTS_DIR; };
		3CF652C3286D036700BD5EDB /* PlaymateTests.m */ = {isa = PBXFileReference; lastKnownFileType = sourcecode.c.objc; path = PlaymateTests.m; sourceTree = "<group>"; };
		3CF652C9286D036700BD5EDB /* PlaymateUITests.xctest */ = {isa = PBXFileReference; explicitFileType = wrapper.cfbundle; includeInIndex = 0; path = PlaymateUITests.xctest; sourceTree = BUILT_PRODUCTS_DIR; };
		3CF652CD286D036700BD5EDB /* PlaymateUITests.m */ = {isa = PBXFileReference; lastKnownFileType = sourcecode.c.objc; path = PlaymateUITests.m; sourceTree = "<group>"; };
		3CF652CF286D036700BD5EDB /* PlaymateUITestsLaunchTests.m */ = {isa = PBXFileReference; lastKnownFileType = sourcecode.c.objc; path = PlaymateUITestsLaunchTests.m; sourceTree = "<group>"; };
		5910F865C5DBE0629E4E80BD /* Pods-Playmate.release.xcconfig */ = {isa = PBXFileReference; includeInIndex = 1; lastKnownFileType = text.xcconfig; name = "Pods-Playmate.release.xcconfig"; path = "Target Support Files/Pods-Playmate/Pods-Playmate.release.xcconfig"; sourceTree = "<group>"; };
		6A80661838BCF7987E688EB5 /* Pods-Playmate-PlaymateUITests.release.xcconfig */ = {isa = PBXFileReference; includeInIndex = 1; lastKnownFileType = text.xcconfig; name = "Pods-Playmate-PlaymateUITests.release.xcconfig"; path = "Target Support Files/Pods-Playmate-PlaymateUITests/Pods-Playmate-PlaymateUITests.release.xcconfig"; sourceTree = "<group>"; };
		8FAAD0A3E2A9D73FAA33A956 /* Pods_PlaymateTests.framework */ = {isa = PBXFileReference; explicitFileType = wrapper.framework; includeInIndex = 0; path = Pods_PlaymateTests.framework; sourceTree = BUILT_PRODUCTS_DIR; };
		A67C29E7FD820C1251BE4756 /* Pods-Playmate-PlaymateUITests.debug.xcconfig */ = {isa = PBXFileReference; includeInIndex = 1; lastKnownFileType = text.xcconfig; name = "Pods-Playmate-PlaymateUITests.debug.xcconfig"; path = "Target Support Files/Pods-Playmate-PlaymateUITests/Pods-Playmate-PlaymateUITests.debug.xcconfig"; sourceTree = "<group>"; };
		B1B6F79117AE56A6A59A2541 /* Pods_Playmate_PlaymateUITests.framework */ = {isa = PBXFileReference; explicitFileType = wrapper.framework; includeInIndex = 0; path = Pods_Playmate_PlaymateUITests.framework; sourceTree = BUILT_PRODUCTS_DIR; };
		E918DD12B0B849BCC2792183 /* Pods-Playmate.debug.xcconfig */ = {isa = PBXFileReference; includeInIndex = 1; lastKnownFileType = text.xcconfig; name = "Pods-Playmate.debug.xcconfig"; path = "Target Support Files/Pods-Playmate/Pods-Playmate.debug.xcconfig"; sourceTree = "<group>"; };
/* End PBXFileReference section */

/* Begin PBXFrameworksBuildPhase section */
		3CF652A1286D036600BD5EDB /* Frameworks */ = {
			isa = PBXFrameworksBuildPhase;
			buildActionMask = 2147483647;
			files = (
				3CF4186428765585009741FF /* MapKit.framework in Frameworks */,
				08F3A736C04B199B7D2918A8 /* Pods_Playmate.framework in Frameworks */,
			);
			runOnlyForDeploymentPostprocessing = 0;
		};
		3CF652BC286D036700BD5EDB /* Frameworks */ = {
			isa = PBXFrameworksBuildPhase;
			buildActionMask = 2147483647;
			files = (
				DA3C9AA342AAB87145C3FFCC /* Pods_PlaymateTests.framework in Frameworks */,
			);
			runOnlyForDeploymentPostprocessing = 0;
		};
		3CF652C6286D036700BD5EDB /* Frameworks */ = {
			isa = PBXFrameworksBuildPhase;
			buildActionMask = 2147483647;
			files = (
				D2D69269F70D6564CC66B8A1 /* Pods_Playmate_PlaymateUITests.framework in Frameworks */,
			);
			runOnlyForDeploymentPostprocessing = 0;
		};
/* End PBXFrameworksBuildPhase section */

/* Begin PBXGroup section */
		0E411DE22A919BCFD4DD6F4B /* Frameworks */ = {
			isa = PBXGroup;
			children = (
				3CF4186328765585009741FF /* MapKit.framework */,
				14FD77B182A0096E02A5A865 /* Pods_Playmate.framework */,
				B1B6F79117AE56A6A59A2541 /* Pods_Playmate_PlaymateUITests.framework */,
				8FAAD0A3E2A9D73FAA33A956 /* Pods_PlaymateTests.framework */,
			);
			name = Frameworks;
			sourceTree = "<group>";
		};
		13424BD82BE37554C700EBCD /* Pods */ = {
			isa = PBXGroup;
			children = (
				E918DD12B0B849BCC2792183 /* Pods-Playmate.debug.xcconfig */,
				5910F865C5DBE0629E4E80BD /* Pods-Playmate.release.xcconfig */,
				A67C29E7FD820C1251BE4756 /* Pods-Playmate-PlaymateUITests.debug.xcconfig */,
				6A80661838BCF7987E688EB5 /* Pods-Playmate-PlaymateUITests.release.xcconfig */,
				10B5CDD850AA6D824EFB0D44 /* Pods-PlaymateTests.debug.xcconfig */,
				356830720495914AEBE45D47 /* Pods-PlaymateTests.release.xcconfig */,
			);
			path = Pods;
			sourceTree = "<group>";
		};
		3C383FDA28775CCA00BC9B55 /* Utilities */ = {
			isa = PBXGroup;
			children = (
				3C383FD32877416D00BC9B55 /* Constants.h */,
				3C383FD42877416D00BC9B55 /* Constants.m */,
				3C383FDB28775D2A00BC9B55 /* APIManager.h */,
				3C383FDC28775D2A00BC9B55 /* APIManager.m */,
			);
			path = Utilities;
			sourceTree = "<group>";
		};
		3C45B561286E64CB00EE578F /* View Controllers */ = {
			isa = PBXGroup;
			children = (
				3C45B571287297C800EE578F /* Home Tab */,
				3CF4A5AC287CA9B6000C5E7D /* Session Details View */,
				3C45B58628737E5500EE578F /* Create Tab */,
				3C45B58228737E4400EE578F /* Search Tab */,
				3C45B575287299B900EE578F /* Profile Tab */,
				3C45B562286E64D700EE578F /* Registration Related */,
			);
			path = "View Controllers";
			sourceTree = "<group>";
		};
		3C45B562286E64D700EE578F /* Registration Related */ = {
			isa = PBXGroup;
			children = (
				3C45B563286E64EB00EE578F /* WelcomeViewController.h */,
				3C45B564286E64EB00EE578F /* WelcomeViewController.m */,
				3C45B5662871856500EE578F /* CreateViewController.h */,
				3C45B5672871856500EE578F /* CreateViewController.m */,
				3C45B5692871856E00EE578F /* LoginViewController.h */,
				3C45B56A2871856E00EE578F /* LoginViewController.m */,
			);
			path = "Registration Related";
			sourceTree = "<group>";
		};
		3C45B571287297C800EE578F /* Home Tab */ = {
			isa = PBXGroup;
			children = (
				3C45B572287297EB00EE578F /* HomeViewController.h */,
				3C45B573287297EB00EE578F /* HomeViewController.m */,
				3CF4A58B2878DFA6000C5E7D /* CalendarViewController.h */,
				3CF4A58C2878DFA6000C5E7D /* CalendarViewController.m */,
			);
			path = "Home Tab";
			sourceTree = "<group>";
		};
		3C45B575287299B900EE578F /* Profile Tab */ = {
			isa = PBXGroup;
			children = (
				3C45B576287299C200EE578F /* ProfileViewController.h */,
				3C45B577287299C200EE578F /* ProfileViewController.m */,
				3CF4A5882878AA1A000C5E7D /* EditProfileViewController.h */,
				3CF4A5892878AA1A000C5E7D /* EditProfileViewController.m */,
			);
			path = "Profile Tab";
			sourceTree = "<group>";
		};
		3C45B58228737E4400EE578F /* Search Tab */ = {
			isa = PBXGroup;
			children = (
				3C45B58728737E6200EE578F /* SearchViewController.h */,
				3C45B58828737E6200EE578F /* SearchViewController.m */,
				3CF4A5A3287B6647000C5E7D /* FiltersMenuViewController.h */,
				3CF4A5A4287B6647000C5E7D /* FiltersMenuViewController.m */,
			);
			path = "Search Tab";
			sourceTree = "<group>";
		};
		3C45B58628737E5500EE578F /* Create Tab */ = {
			isa = PBXGroup;
			children = (
				3C45B5A2287606EF00EE578F /* SelectMapViewController.h */,
				3C45B5A3287606EF00EE578F /* SelectMapViewController.m */,
				3CF4A594287A6088000C5E7D /* CreateMenuViewController.h */,
				3CF4A595287A6088000C5E7D /* CreateMenuViewController.m */,
			);
			path = "Create Tab";
			sourceTree = "<group>";
		};
		3C45B58D2874BB6400EE578F /* Models */ = {
			isa = PBXGroup;
			children = (
				3C45B58E2874BB7500EE578F /* Session.h */,
				3C45B58F2874BB7500EE578F /* Session.m */,
				3C45B5912874C0ED00EE578F /* Location.h */,
				3C45B5922874C0ED00EE578F /* Location.m */,
				3C45B5A528760C1E00EE578F /* Filters.h */,
				3C45B5A628760C1E00EE578F /* Filters.m */,
			);
			path = Models;
			sourceTree = "<group>";
		};
		3C45B5952874D80F00EE578F /* Views */ = {
			isa = PBXGroup;
			children = (
				3C45B5992874D91800EE578F /* SessionCell.h */,
				3C45B59A2874D91800EE578F /* SessionCell.m */,
				3CF4A59A287A60F0000C5E7D /* MenuPickerCell.h */,
				3CF4A59B287A60F0000C5E7D /* MenuPickerCell.m */,
				3CF4A59D287A991E000C5E7D /* LocationPickerCell.h */,
				3CF4A59E287A991E000C5E7D /* LocationPickerCell.m */,
				3CF4A5A6287B67B4000C5E7D /* FiltersMenuPickerCell.h */,
				3CF4A5A7287B67B4000C5E7D /* FiltersMenuPickerCell.m */,
				3CF4A5A9287C962D000C5E7D /* PlayerProfileCollectionCell.h */,
				3CF4A5AA287C962D000C5E7D /* PlayerProfileCollectionCell.m */,
			);
			path = Views;
			sourceTree = "<group>";
		};
		3CF4A5AC287CA9B6000C5E7D /* Session Details View */ = {
			isa = PBXGroup;
			children = (
				3C45B59C2875060700EE578F /* SessionDetailsViewController.h */,
				3C45B59D2875060700EE578F /* SessionDetailsViewController.m */,
				3CF4A5AD287CA9D1000C5E7D /* PlayerProfileViewController.h */,
				3CF4A5AE287CA9D1000C5E7D /* PlayerProfileViewController.m */,
			);
			path = "Session Details View";
			sourceTree = "<group>";
		};
		3CF6529B286D036600BD5EDB = {
			isa = PBXGroup;
			children = (
				3CF652A6286D036600BD5EDB /* Playmate */,
				3CF652C2286D036700BD5EDB /* PlaymateTests */,
				3CF652CC286D036700BD5EDB /* PlaymateUITests */,
				3CF652A5286D036600BD5EDB /* Products */,
				13424BD82BE37554C700EBCD /* Pods */,
				0E411DE22A919BCFD4DD6F4B /* Frameworks */,
			);
			sourceTree = "<group>";
		};
		3CF652A5286D036600BD5EDB /* Products */ = {
			isa = PBXGroup;
			children = (
				3CF652A4286D036600BD5EDB /* Playmate.app */,
				3CF652BF286D036700BD5EDB /* PlaymateTests.xctest */,
				3CF652C9286D036700BD5EDB /* PlaymateUITests.xctest */,
			);
			name = Products;
			sourceTree = "<group>";
		};
		3CF652A6286D036600BD5EDB /* Playmate */ = {
			isa = PBXGroup;
			children = (
				3C45B561286E64CB00EE578F /* View Controllers */,
				3C45B5952874D80F00EE578F /* Views */,
				3C45B58D2874BB6400EE578F /* Models */,
				3C383FDA28775CCA00BC9B55 /* Utilities */,
				3CF652B9286D036700BD5EDB /* main.m */,
				3CF652A7286D036600BD5EDB /* AppDelegate.h */,
				3CF652A8286D036600BD5EDB /* AppDelegate.m */,
				3CF652AA286D036600BD5EDB /* SceneDelegate.h */,
				3CF652AB286D036600BD5EDB /* SceneDelegate.m */,
				3CF652B5286D036700BD5EDB /* LaunchScreen.storyboard */,
				3CF652B0286D036600BD5EDB /* Main.storyboard */,
				3CF652B8286D036700BD5EDB /* Info.plist */,
				3C45B56C287285AC00EE578F /* Keys.plist */,
				3CF652B3286D036700BD5EDB /* Assets.xcassets */,
			);
			path = Playmate;
			sourceTree = "<group>";
		};
		3CF652C2286D036700BD5EDB /* PlaymateTests */ = {
			isa = PBXGroup;
			children = (
				3CF652C3286D036700BD5EDB /* PlaymateTests.m */,
			);
			path = PlaymateTests;
			sourceTree = "<group>";
		};
		3CF652CC286D036700BD5EDB /* PlaymateUITests */ = {
			isa = PBXGroup;
			children = (
				3CF652CD286D036700BD5EDB /* PlaymateUITests.m */,
				3CF652CF286D036700BD5EDB /* PlaymateUITestsLaunchTests.m */,
			);
			path = PlaymateUITests;
			sourceTree = "<group>";
		};
/* End PBXGroup section */

/* Begin PBXNativeTarget section */
		3CF652A3286D036600BD5EDB /* Playmate */ = {
			isa = PBXNativeTarget;
			buildConfigurationList = 3CF652D3286D036700BD5EDB /* Build configuration list for PBXNativeTarget "Playmate" */;
			buildPhases = (
				3C2AA276AB6797E6C7889E15 /* [CP] Check Pods Manifest.lock */,
				3CF652A0286D036600BD5EDB /* Sources */,
				3CF652A1286D036600BD5EDB /* Frameworks */,
				3CF652A2286D036600BD5EDB /* Resources */,
				905D4D97654A25CE9C681199 /* [CP] Embed Pods Frameworks */,
			);
			buildRules = (
			);
			dependencies = (
			);
			name = Playmate;
			productName = Playmate;
			productReference = 3CF652A4286D036600BD5EDB /* Playmate.app */;
			productType = "com.apple.product-type.application";
		};
		3CF652BE286D036700BD5EDB /* PlaymateTests */ = {
			isa = PBXNativeTarget;
			buildConfigurationList = 3CF652D6286D036700BD5EDB /* Build configuration list for PBXNativeTarget "PlaymateTests" */;
			buildPhases = (
				0B394872EB9DA1AC173114D8 /* [CP] Check Pods Manifest.lock */,
				3CF652BB286D036700BD5EDB /* Sources */,
				3CF652BC286D036700BD5EDB /* Frameworks */,
				3CF652BD286D036700BD5EDB /* Resources */,
			);
			buildRules = (
			);
			dependencies = (
				3CF652C1286D036700BD5EDB /* PBXTargetDependency */,
			);
			name = PlaymateTests;
			productName = PlaymateTests;
			productReference = 3CF652BF286D036700BD5EDB /* PlaymateTests.xctest */;
			productType = "com.apple.product-type.bundle.unit-test";
		};
		3CF652C8286D036700BD5EDB /* PlaymateUITests */ = {
			isa = PBXNativeTarget;
			buildConfigurationList = 3CF652D9286D036700BD5EDB /* Build configuration list for PBXNativeTarget "PlaymateUITests" */;
			buildPhases = (
				3C4E53D4A09399A359E56FF7 /* [CP] Check Pods Manifest.lock */,
				3CF652C5286D036700BD5EDB /* Sources */,
				3CF652C6286D036700BD5EDB /* Frameworks */,
				3CF652C7286D036700BD5EDB /* Resources */,
				06701FDE14FB58BEF3ACD887 /* [CP] Embed Pods Frameworks */,
			);
			buildRules = (
			);
			dependencies = (
				3CF652CB286D036700BD5EDB /* PBXTargetDependency */,
			);
			name = PlaymateUITests;
			productName = PlaymateUITests;
			productReference = 3CF652C9286D036700BD5EDB /* PlaymateUITests.xctest */;
			productType = "com.apple.product-type.bundle.ui-testing";
		};
/* End PBXNativeTarget section */

/* Begin PBXProject section */
		3CF6529C286D036600BD5EDB /* Project object */ = {
			isa = PBXProject;
			attributes = {
				BuildIndependentTargetsInParallel = 1;
				LastUpgradeCheck = 1340;
				TargetAttributes = {
					3CF652A3286D036600BD5EDB = {
						CreatedOnToolsVersion = 13.4;
					};
					3CF652BE286D036700BD5EDB = {
						CreatedOnToolsVersion = 13.4;
						TestTargetID = 3CF652A3286D036600BD5EDB;
					};
					3CF652C8286D036700BD5EDB = {
						CreatedOnToolsVersion = 13.4;
						TestTargetID = 3CF652A3286D036600BD5EDB;
					};
				};
			};
			buildConfigurationList = 3CF6529F286D036600BD5EDB /* Build configuration list for PBXProject "Playmate" */;
			compatibilityVersion = "Xcode 13.0";
			developmentRegion = en;
			hasScannedForEncodings = 0;
			knownRegions = (
				en,
				Base,
			);
			mainGroup = 3CF6529B286D036600BD5EDB;
			productRefGroup = 3CF652A5286D036600BD5EDB /* Products */;
			projectDirPath = "";
			projectRoot = "";
			targets = (
				3CF652A3286D036600BD5EDB /* Playmate */,
				3CF652BE286D036700BD5EDB /* PlaymateTests */,
				3CF652C8286D036700BD5EDB /* PlaymateUITests */,
			);
		};
/* End PBXProject section */

/* Begin PBXResourcesBuildPhase section */
		3CF652A2286D036600BD5EDB /* Resources */ = {
			isa = PBXResourcesBuildPhase;
			buildActionMask = 2147483647;
			files = (
				3C45B56D287285AC00EE578F /* Keys.plist in Resources */,
				3CF652B7286D036700BD5EDB /* LaunchScreen.storyboard in Resources */,
				3CF652B4286D036700BD5EDB /* Assets.xcassets in Resources */,
				3CF652B2286D036600BD5EDB /* Main.storyboard in Resources */,
			);
			runOnlyForDeploymentPostprocessing = 0;
		};
		3CF652BD286D036700BD5EDB /* Resources */ = {
			isa = PBXResourcesBuildPhase;
			buildActionMask = 2147483647;
			files = (
			);
			runOnlyForDeploymentPostprocessing = 0;
		};
		3CF652C7286D036700BD5EDB /* Resources */ = {
			isa = PBXResourcesBuildPhase;
			buildActionMask = 2147483647;
			files = (
			);
			runOnlyForDeploymentPostprocessing = 0;
		};
/* End PBXResourcesBuildPhase section */

/* Begin PBXShellScriptBuildPhase section */
		06701FDE14FB58BEF3ACD887 /* [CP] Embed Pods Frameworks */ = {
			isa = PBXShellScriptBuildPhase;
			buildActionMask = 2147483647;
			files = (
			);
			inputFileListPaths = (
				"${PODS_ROOT}/Target Support Files/Pods-Playmate-PlaymateUITests/Pods-Playmate-PlaymateUITests-frameworks-${CONFIGURATION}-input-files.xcfilelist",
			);
			name = "[CP] Embed Pods Frameworks";
			outputFileListPaths = (
				"${PODS_ROOT}/Target Support Files/Pods-Playmate-PlaymateUITests/Pods-Playmate-PlaymateUITests-frameworks-${CONFIGURATION}-output-files.xcfilelist",
			);
			runOnlyForDeploymentPostprocessing = 0;
			shellPath = /bin/sh;
			shellScript = "\"${PODS_ROOT}/Target Support Files/Pods-Playmate-PlaymateUITests/Pods-Playmate-PlaymateUITests-frameworks.sh\"\n";
			showEnvVarsInLog = 0;
		};
		0B394872EB9DA1AC173114D8 /* [CP] Check Pods Manifest.lock */ = {
			isa = PBXShellScriptBuildPhase;
			buildActionMask = 2147483647;
			files = (
			);
			inputFileListPaths = (
			);
			inputPaths = (
				"${PODS_PODFILE_DIR_PATH}/Podfile.lock",
				"${PODS_ROOT}/Manifest.lock",
			);
			name = "[CP] Check Pods Manifest.lock";
			outputFileListPaths = (
			);
			outputPaths = (
				"$(DERIVED_FILE_DIR)/Pods-PlaymateTests-checkManifestLockResult.txt",
			);
			runOnlyForDeploymentPostprocessing = 0;
			shellPath = /bin/sh;
			shellScript = "diff \"${PODS_PODFILE_DIR_PATH}/Podfile.lock\" \"${PODS_ROOT}/Manifest.lock\" > /dev/null\nif [ $? != 0 ] ; then\n    # print error to STDERR\n    echo \"error: The sandbox is not in sync with the Podfile.lock. Run 'pod install' or update your CocoaPods installation.\" >&2\n    exit 1\nfi\n# This output is used by Xcode 'outputs' to avoid re-running this script phase.\necho \"SUCCESS\" > \"${SCRIPT_OUTPUT_FILE_0}\"\n";
			showEnvVarsInLog = 0;
		};
		3C2AA276AB6797E6C7889E15 /* [CP] Check Pods Manifest.lock */ = {
			isa = PBXShellScriptBuildPhase;
			buildActionMask = 2147483647;
			files = (
			);
			inputFileListPaths = (
			);
			inputPaths = (
				"${PODS_PODFILE_DIR_PATH}/Podfile.lock",
				"${PODS_ROOT}/Manifest.lock",
			);
			name = "[CP] Check Pods Manifest.lock";
			outputFileListPaths = (
			);
			outputPaths = (
				"$(DERIVED_FILE_DIR)/Pods-Playmate-checkManifestLockResult.txt",
			);
			runOnlyForDeploymentPostprocessing = 0;
			shellPath = /bin/sh;
			shellScript = "diff \"${PODS_PODFILE_DIR_PATH}/Podfile.lock\" \"${PODS_ROOT}/Manifest.lock\" > /dev/null\nif [ $? != 0 ] ; then\n    # print error to STDERR\n    echo \"error: The sandbox is not in sync with the Podfile.lock. Run 'pod install' or update your CocoaPods installation.\" >&2\n    exit 1\nfi\n# This output is used by Xcode 'outputs' to avoid re-running this script phase.\necho \"SUCCESS\" > \"${SCRIPT_OUTPUT_FILE_0}\"\n";
			showEnvVarsInLog = 0;
		};
		3C4E53D4A09399A359E56FF7 /* [CP] Check Pods Manifest.lock */ = {
			isa = PBXShellScriptBuildPhase;
			buildActionMask = 2147483647;
			files = (
			);
			inputFileListPaths = (
			);
			inputPaths = (
				"${PODS_PODFILE_DIR_PATH}/Podfile.lock",
				"${PODS_ROOT}/Manifest.lock",
			);
			name = "[CP] Check Pods Manifest.lock";
			outputFileListPaths = (
			);
			outputPaths = (
				"$(DERIVED_FILE_DIR)/Pods-Playmate-PlaymateUITests-checkManifestLockResult.txt",
			);
			runOnlyForDeploymentPostprocessing = 0;
			shellPath = /bin/sh;
			shellScript = "diff \"${PODS_PODFILE_DIR_PATH}/Podfile.lock\" \"${PODS_ROOT}/Manifest.lock\" > /dev/null\nif [ $? != 0 ] ; then\n    # print error to STDERR\n    echo \"error: The sandbox is not in sync with the Podfile.lock. Run 'pod install' or update your CocoaPods installation.\" >&2\n    exit 1\nfi\n# This output is used by Xcode 'outputs' to avoid re-running this script phase.\necho \"SUCCESS\" > \"${SCRIPT_OUTPUT_FILE_0}\"\n";
			showEnvVarsInLog = 0;
		};
		905D4D97654A25CE9C681199 /* [CP] Embed Pods Frameworks */ = {
			isa = PBXShellScriptBuildPhase;
			buildActionMask = 2147483647;
			files = (
			);
			inputFileListPaths = (
				"${PODS_ROOT}/Target Support Files/Pods-Playmate/Pods-Playmate-frameworks-${CONFIGURATION}-input-files.xcfilelist",
			);
			name = "[CP] Embed Pods Frameworks";
			outputFileListPaths = (
				"${PODS_ROOT}/Target Support Files/Pods-Playmate/Pods-Playmate-frameworks-${CONFIGURATION}-output-files.xcfilelist",
			);
			runOnlyForDeploymentPostprocessing = 0;
			shellPath = /bin/sh;
			shellScript = "\"${PODS_ROOT}/Target Support Files/Pods-Playmate/Pods-Playmate-frameworks.sh\"\n";
			showEnvVarsInLog = 0;
		};
/* End PBXShellScriptBuildPhase section */

/* Begin PBXSourcesBuildPhase section */
		3CF652A0286D036600BD5EDB /* Sources */ = {
			isa = PBXSourcesBuildPhase;
			buildActionMask = 2147483647;
			files = (
				3C45B565286E64EB00EE578F /* WelcomeViewController.m in Sources */,
				3CF4A5AF287CA9D1000C5E7D /* PlayerProfileViewController.m in Sources */,
				3C383FDD28775D2A00BC9B55 /* APIManager.m in Sources */,
				3C45B5A728760C1E00EE578F /* Filters.m in Sources */,
				3C45B5932874C0ED00EE578F /* Location.m in Sources */,
				3C45B578287299C200EE578F /* ProfileViewController.m in Sources */,
				3CF652A9286D036600BD5EDB /* AppDelegate.m in Sources */,
				3C45B56B2871856E00EE578F /* LoginViewController.m in Sources */,
				3C45B59B2874D91800EE578F /* SessionCell.m in Sources */,
				3CF4A596287A6088000C5E7D /* CreateMenuViewController.m in Sources */,
				3C45B5682871856500EE578F /* CreateViewController.m in Sources */,
				3CF652BA286D036700BD5EDB /* main.m in Sources */,
				3CF4A58A2878AA1A000C5E7D /* EditProfileViewController.m in Sources */,
				3CF4A5AB287C962D000C5E7D /* PlayerProfileCollectionCell.m in Sources */,
				3CF4A59F287A991E000C5E7D /* LocationPickerCell.m in Sources */,
				3CF4A58D2878DFA6000C5E7D /* CalendarViewController.m in Sources */,
				3C45B5902874BB7500EE578F /* Session.m in Sources */,
				3C45B58928737E6200EE578F /* SearchViewController.m in Sources */,
				3CF652AC286D036600BD5EDB /* SceneDelegate.m in Sources */,
				3C45B59E2875060700EE578F /* SessionDetailsViewController.m in Sources */,
				3CF4A5A5287B6647000C5E7D /* FiltersMenuViewController.m in Sources */,
				3C45B574287297EB00EE578F /* HomeViewController.m in Sources */,
				3CF4A59C287A60F0000C5E7D /* MenuPickerCell.m in Sources */,
				3C45B5A4287606EF00EE578F /* SelectMapViewController.m in Sources */,
				3CF4A5A8287B67B4000C5E7D /* FiltersMenuPickerCell.m in Sources */,
				3C383FD52877416D00BC9B55 /* Constants.m in Sources */,
			);
			runOnlyForDeploymentPostprocessing = 0;
		};
		3CF652BB286D036700BD5EDB /* Sources */ = {
			isa = PBXSourcesBuildPhase;
			buildActionMask = 2147483647;
			files = (
				3CF652C4286D036700BD5EDB /* PlaymateTests.m in Sources */,
			);
			runOnlyForDeploymentPostprocessing = 0;
		};
		3CF652C5286D036700BD5EDB /* Sources */ = {
			isa = PBXSourcesBuildPhase;
			buildActionMask = 2147483647;
			files = (
				3CF652CE286D036700BD5EDB /* PlaymateUITests.m in Sources */,
				3CF652D0286D036700BD5EDB /* PlaymateUITestsLaunchTests.m in Sources */,
			);
			runOnlyForDeploymentPostprocessing = 0;
		};
/* End PBXSourcesBuildPhase section */

/* Begin PBXTargetDependency section */
		3CF652C1286D036700BD5EDB /* PBXTargetDependency */ = {
			isa = PBXTargetDependency;
			target = 3CF652A3286D036600BD5EDB /* Playmate */;
			targetProxy = 3CF652C0286D036700BD5EDB /* PBXContainerItemProxy */;
		};
		3CF652CB286D036700BD5EDB /* PBXTargetDependency */ = {
			isa = PBXTargetDependency;
			target = 3CF652A3286D036600BD5EDB /* Playmate */;
			targetProxy = 3CF652CA286D036700BD5EDB /* PBXContainerItemProxy */;
		};
/* End PBXTargetDependency section */

/* Begin PBXVariantGroup section */
		3CF652B0286D036600BD5EDB /* Main.storyboard */ = {
			isa = PBXVariantGroup;
			children = (
				3CF652B1286D036600BD5EDB /* Base */,
			);
			name = Main.storyboard;
			sourceTree = "<group>";
		};
		3CF652B5286D036700BD5EDB /* LaunchScreen.storyboard */ = {
			isa = PBXVariantGroup;
			children = (
				3CF652B6286D036700BD5EDB /* Base */,
			);
			name = LaunchScreen.storyboard;
			sourceTree = "<group>";
		};
/* End PBXVariantGroup section */

/* Begin XCBuildConfiguration section */
		3CF652D1286D036700BD5EDB /* Debug */ = {
			isa = XCBuildConfiguration;
			buildSettings = {
				ALWAYS_SEARCH_USER_PATHS = NO;
				CLANG_ANALYZER_NONNULL = YES;
				CLANG_ANALYZER_NUMBER_OBJECT_CONVERSION = YES_AGGRESSIVE;
				CLANG_CXX_LANGUAGE_STANDARD = "gnu++17";
				CLANG_ENABLE_MODULES = YES;
				CLANG_ENABLE_OBJC_ARC = YES;
				CLANG_ENABLE_OBJC_WEAK = YES;
				CLANG_WARN_BLOCK_CAPTURE_AUTORELEASING = YES;
				CLANG_WARN_BOOL_CONVERSION = YES;
				CLANG_WARN_COMMA = YES;
				CLANG_WARN_CONSTANT_CONVERSION = YES;
				CLANG_WARN_DEPRECATED_OBJC_IMPLEMENTATIONS = YES;
				CLANG_WARN_DIRECT_OBJC_ISA_USAGE = YES_ERROR;
				CLANG_WARN_DOCUMENTATION_COMMENTS = YES;
				CLANG_WARN_EMPTY_BODY = YES;
				CLANG_WARN_ENUM_CONVERSION = YES;
				CLANG_WARN_INFINITE_RECURSION = YES;
				CLANG_WARN_INT_CONVERSION = YES;
				CLANG_WARN_NON_LITERAL_NULL_CONVERSION = YES;
				CLANG_WARN_OBJC_IMPLICIT_RETAIN_SELF = YES;
				CLANG_WARN_OBJC_LITERAL_CONVERSION = YES;
				CLANG_WARN_OBJC_ROOT_CLASS = YES_ERROR;
				CLANG_WARN_QUOTED_INCLUDE_IN_FRAMEWORK_HEADER = YES;
				CLANG_WARN_RANGE_LOOP_ANALYSIS = YES;
				CLANG_WARN_STRICT_PROTOTYPES = YES;
				CLANG_WARN_SUSPICIOUS_MOVE = YES;
				CLANG_WARN_UNGUARDED_AVAILABILITY = YES_AGGRESSIVE;
				CLANG_WARN_UNREACHABLE_CODE = YES;
				CLANG_WARN__DUPLICATE_METHOD_MATCH = YES;
				COPY_PHASE_STRIP = NO;
				DEBUG_INFORMATION_FORMAT = dwarf;
				ENABLE_STRICT_OBJC_MSGSEND = YES;
				ENABLE_TESTABILITY = YES;
				GCC_C_LANGUAGE_STANDARD = gnu11;
				GCC_DYNAMIC_NO_PIC = NO;
				GCC_NO_COMMON_BLOCKS = YES;
				GCC_OPTIMIZATION_LEVEL = 0;
				GCC_PREPROCESSOR_DEFINITIONS = (
					"DEBUG=1",
					"$(inherited)",
				);
				GCC_WARN_64_TO_32_BIT_CONVERSION = YES;
				GCC_WARN_ABOUT_RETURN_TYPE = YES_ERROR;
				GCC_WARN_UNDECLARED_SELECTOR = YES;
				GCC_WARN_UNINITIALIZED_AUTOS = YES_AGGRESSIVE;
				GCC_WARN_UNUSED_FUNCTION = YES;
				GCC_WARN_UNUSED_VARIABLE = YES;
				IPHONEOS_DEPLOYMENT_TARGET = 15.5;
				MTL_ENABLE_DEBUG_INFO = INCLUDE_SOURCE;
				MTL_FAST_MATH = YES;
				ONLY_ACTIVE_ARCH = YES;
				SDKROOT = iphoneos;
			};
			name = Debug;
		};
		3CF652D2286D036700BD5EDB /* Release */ = {
			isa = XCBuildConfiguration;
			buildSettings = {
				ALWAYS_SEARCH_USER_PATHS = NO;
				CLANG_ANALYZER_NONNULL = YES;
				CLANG_ANALYZER_NUMBER_OBJECT_CONVERSION = YES_AGGRESSIVE;
				CLANG_CXX_LANGUAGE_STANDARD = "gnu++17";
				CLANG_ENABLE_MODULES = YES;
				CLANG_ENABLE_OBJC_ARC = YES;
				CLANG_ENABLE_OBJC_WEAK = YES;
				CLANG_WARN_BLOCK_CAPTURE_AUTORELEASING = YES;
				CLANG_WARN_BOOL_CONVERSION = YES;
				CLANG_WARN_COMMA = YES;
				CLANG_WARN_CONSTANT_CONVERSION = YES;
				CLANG_WARN_DEPRECATED_OBJC_IMPLEMENTATIONS = YES;
				CLANG_WARN_DIRECT_OBJC_ISA_USAGE = YES_ERROR;
				CLANG_WARN_DOCUMENTATION_COMMENTS = YES;
				CLANG_WARN_EMPTY_BODY = YES;
				CLANG_WARN_ENUM_CONVERSION = YES;
				CLANG_WARN_INFINITE_RECURSION = YES;
				CLANG_WARN_INT_CONVERSION = YES;
				CLANG_WARN_NON_LITERAL_NULL_CONVERSION = YES;
				CLANG_WARN_OBJC_IMPLICIT_RETAIN_SELF = YES;
				CLANG_WARN_OBJC_LITERAL_CONVERSION = YES;
				CLANG_WARN_OBJC_ROOT_CLASS = YES_ERROR;
				CLANG_WARN_QUOTED_INCLUDE_IN_FRAMEWORK_HEADER = YES;
				CLANG_WARN_RANGE_LOOP_ANALYSIS = YES;
				CLANG_WARN_STRICT_PROTOTYPES = YES;
				CLANG_WARN_SUSPICIOUS_MOVE = YES;
				CLANG_WARN_UNGUARDED_AVAILABILITY = YES_AGGRESSIVE;
				CLANG_WARN_UNREACHABLE_CODE = YES;
				CLANG_WARN__DUPLICATE_METHOD_MATCH = YES;
				COPY_PHASE_STRIP = NO;
				DEBUG_INFORMATION_FORMAT = "dwarf-with-dsym";
				ENABLE_NS_ASSERTIONS = NO;
				ENABLE_STRICT_OBJC_MSGSEND = YES;
				GCC_C_LANGUAGE_STANDARD = gnu11;
				GCC_NO_COMMON_BLOCKS = YES;
				GCC_WARN_64_TO_32_BIT_CONVERSION = YES;
				GCC_WARN_ABOUT_RETURN_TYPE = YES_ERROR;
				GCC_WARN_UNDECLARED_SELECTOR = YES;
				GCC_WARN_UNINITIALIZED_AUTOS = YES_AGGRESSIVE;
				GCC_WARN_UNUSED_FUNCTION = YES;
				GCC_WARN_UNUSED_VARIABLE = YES;
				IPHONEOS_DEPLOYMENT_TARGET = 15.5;
				MTL_ENABLE_DEBUG_INFO = NO;
				MTL_FAST_MATH = YES;
				SDKROOT = iphoneos;
				VALIDATE_PRODUCT = YES;
			};
			name = Release;
		};
		3CF652D4286D036700BD5EDB /* Debug */ = {
			isa = XCBuildConfiguration;
			baseConfigurationReference = E918DD12B0B849BCC2792183 /* Pods-Playmate.debug.xcconfig */;
			buildSettings = {
				ASSETCATALOG_COMPILER_APPICON_NAME = AppIcon;
				ASSETCATALOG_COMPILER_GLOBAL_ACCENT_COLOR_NAME = AccentColor;
				CODE_SIGN_STYLE = Automatic;
				CURRENT_PROJECT_VERSION = 1;
				DEVELOPMENT_TEAM = J9M7RNK2K7;
				GENERATE_INFOPLIST_FILE = YES;
				INFOPLIST_FILE = Playmate/Info.plist;
				INFOPLIST_KEY_UIApplicationSupportsIndirectInputEvents = YES;
				INFOPLIST_KEY_UILaunchStoryboardName = LaunchScreen;
				INFOPLIST_KEY_UIMainStoryboardFile = Main;
				INFOPLIST_KEY_UISupportedInterfaceOrientations_iPad = "UIInterfaceOrientationPortrait UIInterfaceOrientationPortraitUpsideDown UIInterfaceOrientationLandscapeLeft UIInterfaceOrientationLandscapeRight";
				INFOPLIST_KEY_UISupportedInterfaceOrientations_iPhone = "UIInterfaceOrientationPortrait UIInterfaceOrientationLandscapeLeft UIInterfaceOrientationLandscapeRight";
				LD_RUNPATH_SEARCH_PATHS = (
					"$(inherited)",
					"@executable_path/Frameworks",
				);
				MARKETING_VERSION = 1.0;
				PRODUCT_BUNDLE_IDENTIFIER = com.jocelyntseng.Playmate;
				PRODUCT_NAME = "$(TARGET_NAME)";
				SWIFT_EMIT_LOC_STRINGS = YES;
				TARGETED_DEVICE_FAMILY = "1,2";
			};
			name = Debug;
		};
		3CF652D5286D036700BD5EDB /* Release */ = {
			isa = XCBuildConfiguration;
			baseConfigurationReference = 5910F865C5DBE0629E4E80BD /* Pods-Playmate.release.xcconfig */;
			buildSettings = {
				ASSETCATALOG_COMPILER_APPICON_NAME = AppIcon;
				ASSETCATALOG_COMPILER_GLOBAL_ACCENT_COLOR_NAME = AccentColor;
				CODE_SIGN_STYLE = Automatic;
				CURRENT_PROJECT_VERSION = 1;
				DEVELOPMENT_TEAM = J9M7RNK2K7;
				GENERATE_INFOPLIST_FILE = YES;
				INFOPLIST_FILE = Playmate/Info.plist;
				INFOPLIST_KEY_UIApplicationSupportsIndirectInputEvents = YES;
				INFOPLIST_KEY_UILaunchStoryboardName = LaunchScreen;
				INFOPLIST_KEY_UIMainStoryboardFile = Main;
				INFOPLIST_KEY_UISupportedInterfaceOrientations_iPad = "UIInterfaceOrientationPortrait UIInterfaceOrientationPortraitUpsideDown UIInterfaceOrientationLandscapeLeft UIInterfaceOrientationLandscapeRight";
				INFOPLIST_KEY_UISupportedInterfaceOrientations_iPhone = "UIInterfaceOrientationPortrait UIInterfaceOrientationLandscapeLeft UIInterfaceOrientationLandscapeRight";
				LD_RUNPATH_SEARCH_PATHS = (
					"$(inherited)",
					"@executable_path/Frameworks",
				);
				MARKETING_VERSION = 1.0;
				PRODUCT_BUNDLE_IDENTIFIER = com.jocelyntseng.Playmate;
				PRODUCT_NAME = "$(TARGET_NAME)";
				SWIFT_EMIT_LOC_STRINGS = YES;
				TARGETED_DEVICE_FAMILY = "1,2";
			};
			name = Release;
		};
		3CF652D7286D036700BD5EDB /* Debug */ = {
			isa = XCBuildConfiguration;
			baseConfigurationReference = 10B5CDD850AA6D824EFB0D44 /* Pods-PlaymateTests.debug.xcconfig */;
			buildSettings = {
				BUNDLE_LOADER = "$(TEST_HOST)";
				CODE_SIGN_STYLE = Automatic;
				CURRENT_PROJECT_VERSION = 1;
				DEVELOPMENT_TEAM = J9M7RNK2K7;
				GENERATE_INFOPLIST_FILE = YES;
				IPHONEOS_DEPLOYMENT_TARGET = 15.5;
				MARKETING_VERSION = 1.0;
				PRODUCT_BUNDLE_IDENTIFIER = com.jocelyntseng.PlaymateTests;
				PRODUCT_NAME = "$(TARGET_NAME)";
				SWIFT_EMIT_LOC_STRINGS = NO;
				TARGETED_DEVICE_FAMILY = "1,2";
				TEST_HOST = "$(BUILT_PRODUCTS_DIR)/Playmate.app/Playmate";
			};
			name = Debug;
		};
		3CF652D8286D036700BD5EDB /* Release */ = {
			isa = XCBuildConfiguration;
			baseConfigurationReference = 356830720495914AEBE45D47 /* Pods-PlaymateTests.release.xcconfig */;
			buildSettings = {
				BUNDLE_LOADER = "$(TEST_HOST)";
				CODE_SIGN_STYLE = Automatic;
				CURRENT_PROJECT_VERSION = 1;
				DEVELOPMENT_TEAM = J9M7RNK2K7;
				GENERATE_INFOPLIST_FILE = YES;
				IPHONEOS_DEPLOYMENT_TARGET = 15.5;
				MARKETING_VERSION = 1.0;
				PRODUCT_BUNDLE_IDENTIFIER = com.jocelyntseng.PlaymateTests;
				PRODUCT_NAME = "$(TARGET_NAME)";
				SWIFT_EMIT_LOC_STRINGS = NO;
				TARGETED_DEVICE_FAMILY = "1,2";
				TEST_HOST = "$(BUILT_PRODUCTS_DIR)/Playmate.app/Playmate";
			};
			name = Release;
		};
		3CF652DA286D036700BD5EDB /* Debug */ = {
			isa = XCBuildConfiguration;
			baseConfigurationReference = A67C29E7FD820C1251BE4756 /* Pods-Playmate-PlaymateUITests.debug.xcconfig */;
			buildSettings = {
				CODE_SIGN_STYLE = Automatic;
				CURRENT_PROJECT_VERSION = 1;
				DEVELOPMENT_TEAM = J9M7RNK2K7;
				GENERATE_INFOPLIST_FILE = YES;
				MARKETING_VERSION = 1.0;
				PRODUCT_BUNDLE_IDENTIFIER = com.jocelyntseng.PlaymateUITests;
				PRODUCT_NAME = "$(TARGET_NAME)";
				SWIFT_EMIT_LOC_STRINGS = NO;
				TARGETED_DEVICE_FAMILY = "1,2";
				TEST_TARGET_NAME = Playmate;
			};
			name = Debug;
		};
		3CF652DB286D036700BD5EDB /* Release */ = {
			isa = XCBuildConfiguration;
			baseConfigurationReference = 6A80661838BCF7987E688EB5 /* Pods-Playmate-PlaymateUITests.release.xcconfig */;
			buildSettings = {
				CODE_SIGN_STYLE = Automatic;
				CURRENT_PROJECT_VERSION = 1;
				DEVELOPMENT_TEAM = J9M7RNK2K7;
				GENERATE_INFOPLIST_FILE = YES;
				MARKETING_VERSION = 1.0;
				PRODUCT_BUNDLE_IDENTIFIER = com.jocelyntseng.PlaymateUITests;
				PRODUCT_NAME = "$(TARGET_NAME)";
				SWIFT_EMIT_LOC_STRINGS = NO;
				TARGETED_DEVICE_FAMILY = "1,2";
				TEST_TARGET_NAME = Playmate;
			};
			name = Release;
		};
/* End XCBuildConfiguration section */

/* Begin XCConfigurationList section */
		3CF6529F286D036600BD5EDB /* Build configuration list for PBXProject "Playmate" */ = {
			isa = XCConfigurationList;
			buildConfigurations = (
				3CF652D1286D036700BD5EDB /* Debug */,
				3CF652D2286D036700BD5EDB /* Release */,
			);
			defaultConfigurationIsVisible = 0;
			defaultConfigurationName = Release;
		};
		3CF652D3286D036700BD5EDB /* Build configuration list for PBXNativeTarget "Playmate" */ = {
			isa = XCConfigurationList;
			buildConfigurations = (
				3CF652D4286D036700BD5EDB /* Debug */,
				3CF652D5286D036700BD5EDB /* Release */,
			);
			defaultConfigurationIsVisible = 0;
			defaultConfigurationName = Release;
		};
		3CF652D6286D036700BD5EDB /* Build configuration list for PBXNativeTarget "PlaymateTests" */ = {
			isa = XCConfigurationList;
			buildConfigurations = (
				3CF652D7286D036700BD5EDB /* Debug */,
				3CF652D8286D036700BD5EDB /* Release */,
			);
			defaultConfigurationIsVisible = 0;
			defaultConfigurationName = Release;
		};
		3CF652D9286D036700BD5EDB /* Build configuration list for PBXNativeTarget "PlaymateUITests" */ = {
			isa = XCConfigurationList;
			buildConfigurations = (
				3CF652DA286D036700BD5EDB /* Debug */,
				3CF652DB286D036700BD5EDB /* Release */,
			);
			defaultConfigurationIsVisible = 0;
			defaultConfigurationName = Release;
		};
/* End XCConfigurationList section */
	};
	rootObject = 3CF6529C286D036600BD5EDB /* Project object */;
}
