// !$*UTF8*$!
{
	archiveVersion = 1;
	classes = {
	};
	objectVersion = 55;
	objects = {

/* Begin PBXBuildFile section */
		0F3D57D63367CACDF86E4210 /* Pods_Playmate.framework in Frameworks */ = {isa = PBXBuildFile; fileRef = AB42D5D33EADBFA23D4CED63 /* Pods_Playmate.framework */; };
		2EA01D5D7CBD20EF5A0B269D /* Pods_PlaymateTests.framework in Frameworks */ = {isa = PBXBuildFile; fileRef = AE9D1C81597D0C72B952444E /* Pods_PlaymateTests.framework */; };
		3CF652A9286D036600BD5EDB /* AppDelegate.m in Sources */ = {isa = PBXBuildFile; fileRef = 3CF652A8286D036600BD5EDB /* AppDelegate.m */; };
		3CF652AC286D036600BD5EDB /* SceneDelegate.m in Sources */ = {isa = PBXBuildFile; fileRef = 3CF652AB286D036600BD5EDB /* SceneDelegate.m */; };
		3CF652AF286D036600BD5EDB /* ViewController.m in Sources */ = {isa = PBXBuildFile; fileRef = 3CF652AE286D036600BD5EDB /* ViewController.m */; };
		3CF652B2286D036600BD5EDB /* Main.storyboard in Resources */ = {isa = PBXBuildFile; fileRef = 3CF652B0286D036600BD5EDB /* Main.storyboard */; };
		3CF652B4286D036700BD5EDB /* Assets.xcassets in Resources */ = {isa = PBXBuildFile; fileRef = 3CF652B3286D036700BD5EDB /* Assets.xcassets */; };
		3CF652B7286D036700BD5EDB /* LaunchScreen.storyboard in Resources */ = {isa = PBXBuildFile; fileRef = 3CF652B5286D036700BD5EDB /* LaunchScreen.storyboard */; };
		3CF652BA286D036700BD5EDB /* main.m in Sources */ = {isa = PBXBuildFile; fileRef = 3CF652B9286D036700BD5EDB /* main.m */; };
		3CF652C4286D036700BD5EDB /* PlaymateTests.m in Sources */ = {isa = PBXBuildFile; fileRef = 3CF652C3286D036700BD5EDB /* PlaymateTests.m */; };
		3CF652CE286D036700BD5EDB /* PlaymateUITests.m in Sources */ = {isa = PBXBuildFile; fileRef = 3CF652CD286D036700BD5EDB /* PlaymateUITests.m */; };
		3CF652D0286D036700BD5EDB /* PlaymateUITestsLaunchTests.m in Sources */ = {isa = PBXBuildFile; fileRef = 3CF652CF286D036700BD5EDB /* PlaymateUITestsLaunchTests.m */; };
		9B1A234D849400601A32A0CB /* Pods_Playmate_PlaymateUITests.framework in Frameworks */ = {isa = PBXBuildFile; fileRef = 594B01C21EB6D350487C1832 /* Pods_Playmate_PlaymateUITests.framework */; };
/* End PBXBuildFile section */

/* Begin PBXContainerItemProxy section */
		3CF652C0286D036700BD5EDB /* PBXContainerItemProxy */ = {
			isa = PBXContainerItemProxy;
			containerPortal = 3CF6529C286D036600BD5EDB /* Project object */;
			proxyType = 1;
			remoteGlobalIDString = 3CF652A3286D036600BD5EDB;
			remoteInfo = Playmate;
		};
		3CF652CA286D036700BD5EDB /* PBXContainerItemProxy */ = {
			isa = PBXContainerItemProxy;
			containerPortal = 3CF6529C286D036600BD5EDB /* Project object */;
			proxyType = 1;
			remoteGlobalIDString = 3CF652A3286D036600BD5EDB;
			remoteInfo = Playmate;
		};
/* End PBXContainerItemProxy section */

/* Begin PBXFileReference section */
		1059025D3CDF17E06B31BC42 /* Pods-Playmate.release.xcconfig */ = {isa = PBXFileReference; includeInIndex = 1; lastKnownFileType = text.xcconfig; name = "Pods-Playmate.release.xcconfig"; path = "Target Support Files/Pods-Playmate/Pods-Playmate.release.xcconfig"; sourceTree = "<group>"; };
		3CF652A4286D036600BD5EDB /* Playmate.app */ = {isa = PBXFileReference; explicitFileType = wrapper.application; includeInIndex = 0; path = Playmate.app; sourceTree = BUILT_PRODUCTS_DIR; };
		3CF652A7286D036600BD5EDB /* AppDelegate.h */ = {isa = PBXFileReference; lastKnownFileType = sourcecode.c.h; path = AppDelegate.h; sourceTree = "<group>"; };
		3CF652A8286D036600BD5EDB /* AppDelegate.m */ = {isa = PBXFileReference; lastKnownFileType = sourcecode.c.objc; path = AppDelegate.m; sourceTree = "<group>"; };
		3CF652AA286D036600BD5EDB /* SceneDelegate.h */ = {isa = PBXFileReference; lastKnownFileType = sourcecode.c.h; path = SceneDelegate.h; sourceTree = "<group>"; };
		3CF652AB286D036600BD5EDB /* SceneDelegate.m */ = {isa = PBXFileReference; lastKnownFileType = sourcecode.c.objc; path = SceneDelegate.m; sourceTree = "<group>"; };
		3CF652AD286D036600BD5EDB /* ViewController.h */ = {isa = PBXFileReference; lastKnownFileType = sourcecode.c.h; path = ViewController.h; sourceTree = "<group>"; };
		3CF652AE286D036600BD5EDB /* ViewController.m */ = {isa = PBXFileReference; lastKnownFileType = sourcecode.c.objc; path = ViewController.m; sourceTree = "<group>"; };
		3CF652B1286D036600BD5EDB /* Base */ = {isa = PBXFileReference; lastKnownFileType = file.storyboard; name = Base; path = Base.lproj/Main.storyboard; sourceTree = "<group>"; };
		3CF652B3286D036700BD5EDB /* Assets.xcassets */ = {isa = PBXFileReference; lastKnownFileType = folder.assetcatalog; path = Assets.xcassets; sourceTree = "<group>"; };
		3CF652B6286D036700BD5EDB /* Base */ = {isa = PBXFileReference; lastKnownFileType = file.storyboard; name = Base; path = Base.lproj/LaunchScreen.storyboard; sourceTree = "<group>"; };
		3CF652B8286D036700BD5EDB /* Info.plist */ = {isa = PBXFileReference; lastKnownFileType = text.plist.xml; path = Info.plist; sourceTree = "<group>"; };
		3CF652B9286D036700BD5EDB /* main.m */ = {isa = PBXFileReference; lastKnownFileType = sourcecode.c.objc; path = main.m; sourceTree = "<group>"; };
		3CF652BF286D036700BD5EDB /* PlaymateTests.xctest */ = {isa = PBXFileReference; explicitFileType = wrapper.cfbundle; includeInIndex = 0; path = PlaymateTests.xctest; sourceTree = BUILT_PRODUCTS_DIR; };
		3CF652C3286D036700BD5EDB /* PlaymateTests.m */ = {isa = PBXFileReference; lastKnownFileType = sourcecode.c.objc; path = PlaymateTests.m; sourceTree = "<group>"; };
		3CF652C9286D036700BD5EDB /* PlaymateUITests.xctest */ = {isa = PBXFileReference; explicitFileType = wrapper.cfbundle; includeInIndex = 0; path = PlaymateUITests.xctest; sourceTree = BUILT_PRODUCTS_DIR; };
		3CF652CD286D036700BD5EDB /* PlaymateUITests.m */ = {isa = PBXFileReference; lastKnownFileType = sourcecode.c.objc; path = PlaymateUITests.m; sourceTree = "<group>"; };
		3CF652CF286D036700BD5EDB /* PlaymateUITestsLaunchTests.m */ = {isa = PBXFileReference; lastKnownFileType = sourcecode.c.objc; path = PlaymateUITestsLaunchTests.m; sourceTree = "<group>"; };
		594B01C21EB6D350487C1832 /* Pods_Playmate_PlaymateUITests.framework */ = {isa = PBXFileReference; explicitFileType = wrapper.framework; includeInIndex = 0; path = Pods_Playmate_PlaymateUITests.framework; sourceTree = BUILT_PRODUCTS_DIR; };
		800279DF597BBCEBA6BE453C /* Pods-Playmate.debug.xcconfig */ = {isa = PBXFileReference; includeInIndex = 1; lastKnownFileType = text.xcconfig; name = "Pods-Playmate.debug.xcconfig"; path = "Target Support Files/Pods-Playmate/Pods-Playmate.debug.xcconfig"; sourceTree = "<group>"; };
		AB42D5D33EADBFA23D4CED63 /* Pods_Playmate.framework */ = {isa = PBXFileReference; explicitFileType = wrapper.framework; includeInIndex = 0; path = Pods_Playmate.framework; sourceTree = BUILT_PRODUCTS_DIR; };
		AD00E5429DE6806BE7940634 /* Pods-Playmate-PlaymateUITests.release.xcconfig */ = {isa = PBXFileReference; includeInIndex = 1; lastKnownFileType = text.xcconfig; name = "Pods-Playmate-PlaymateUITests.release.xcconfig"; path = "Target Support Files/Pods-Playmate-PlaymateUITests/Pods-Playmate-PlaymateUITests.release.xcconfig"; sourceTree = "<group>"; };
		AD08A1F50360995E6DE4A292 /* Pods-PlaymateTests.release.xcconfig */ = {isa = PBXFileReference; includeInIndex = 1; lastKnownFileType = text.xcconfig; name = "Pods-PlaymateTests.release.xcconfig"; path = "Target Support Files/Pods-PlaymateTests/Pods-PlaymateTests.release.xcconfig"; sourceTree = "<group>"; };
		AE9D1C81597D0C72B952444E /* Pods_PlaymateTests.framework */ = {isa = PBXFileReference; explicitFileType = wrapper.framework; includeInIndex = 0; path = Pods_PlaymateTests.framework; sourceTree = BUILT_PRODUCTS_DIR; };
		DAD251C7853652F8ACE567BF /* Pods-Playmate-PlaymateUITests.debug.xcconfig */ = {isa = PBXFileReference; includeInIndex = 1; lastKnownFileType = text.xcconfig; name = "Pods-Playmate-PlaymateUITests.debug.xcconfig"; path = "Target Support Files/Pods-Playmate-PlaymateUITests/Pods-Playmate-PlaymateUITests.debug.xcconfig"; sourceTree = "<group>"; };
		FF2B0E1FD4D45687AF145ED9 /* Pods-PlaymateTests.debug.xcconfig */ = {isa = PBXFileReference; includeInIndex = 1; lastKnownFileType = text.xcconfig; name = "Pods-PlaymateTests.debug.xcconfig"; path = "Target Support Files/Pods-PlaymateTests/Pods-PlaymateTests.debug.xcconfig"; sourceTree = "<group>"; };
/* End PBXFileReference section */

/* Begin PBXFrameworksBuildPhase section */
		3CF652A1286D036600BD5EDB /* Frameworks */ = {
			isa = PBXFrameworksBuildPhase;
			buildActionMask = 2147483647;
			files = (
				0F3D57D63367CACDF86E4210 /* Pods_Playmate.framework in Frameworks */,
			);
			runOnlyForDeploymentPostprocessing = 0;
		};
		3CF652BC286D036700BD5EDB /* Frameworks */ = {
			isa = PBXFrameworksBuildPhase;
			buildActionMask = 2147483647;
			files = (
				2EA01D5D7CBD20EF5A0B269D /* Pods_PlaymateTests.framework in Frameworks */,
			);
			runOnlyForDeploymentPostprocessing = 0;
		};
		3CF652C6286D036700BD5EDB /* Frameworks */ = {
			isa = PBXFrameworksBuildPhase;
			buildActionMask = 2147483647;
			files = (
				9B1A234D849400601A32A0CB /* Pods_Playmate_PlaymateUITests.framework in Frameworks */,
			);
			runOnlyForDeploymentPostprocessing = 0;
		};
/* End PBXFrameworksBuildPhase section */

/* Begin PBXGroup section */
		0E411DE22A919BCFD4DD6F4B /* Frameworks */ = {
			isa = PBXGroup;
			children = (
				AB42D5D33EADBFA23D4CED63 /* Pods_Playmate.framework */,
				594B01C21EB6D350487C1832 /* Pods_Playmate_PlaymateUITests.framework */,
				AE9D1C81597D0C72B952444E /* Pods_PlaymateTests.framework */,
			);
			name = Frameworks;
			sourceTree = "<group>";
		};
		13424BD82BE37554C700EBCD /* Pods */ = {
			isa = PBXGroup;
			children = (
				800279DF597BBCEBA6BE453C /* Pods-Playmate.debug.xcconfig */,
				1059025D3CDF17E06B31BC42 /* Pods-Playmate.release.xcconfig */,
				DAD251C7853652F8ACE567BF /* Pods-Playmate-PlaymateUITests.debug.xcconfig */,
				AD00E5429DE6806BE7940634 /* Pods-Playmate-PlaymateUITests.release.xcconfig */,
				FF2B0E1FD4D45687AF145ED9 /* Pods-PlaymateTests.debug.xcconfig */,
				AD08A1F50360995E6DE4A292 /* Pods-PlaymateTests.release.xcconfig */,
			);
			name = Pods;
			path = Pods;
			sourceTree = "<group>";
		};
		3CF6529B286D036600BD5EDB = {
			isa = PBXGroup;
			children = (
				3CF652A6286D036600BD5EDB /* Playmate */,
				3CF652C2286D036700BD5EDB /* PlaymateTests */,
				3CF652CC286D036700BD5EDB /* PlaymateUITests */,
				3CF652A5286D036600BD5EDB /* Products */,
				13424BD82BE37554C700EBCD /* Pods */,
				0E411DE22A919BCFD4DD6F4B /* Frameworks */,
			);
			sourceTree = "<group>";
		};
		3CF652A5286D036600BD5EDB /* Products */ = {
			isa = PBXGroup;
			children = (
				3CF652A4286D036600BD5EDB /* Playmate.app */,
				3CF652BF286D036700BD5EDB /* PlaymateTests.xctest */,
				3CF652C9286D036700BD5EDB /* PlaymateUITests.xctest */,
			);
			name = Products;
			sourceTree = "<group>";
		};
		3CF652A6286D036600BD5EDB /* Playmate */ = {
			isa = PBXGroup;
			children = (
				3CF652A7286D036600BD5EDB /* AppDelegate.h */,
				3CF652A8286D036600BD5EDB /* AppDelegate.m */,
				3CF652AA286D036600BD5EDB /* SceneDelegate.h */,
				3CF652AB286D036600BD5EDB /* SceneDelegate.m */,
				3CF652AD286D036600BD5EDB /* ViewController.h */,
				3CF652AE286D036600BD5EDB /* ViewController.m */,
				3CF652B0286D036600BD5EDB /* Main.storyboard */,
				3CF652B3286D036700BD5EDB /* Assets.xcassets */,
				3CF652B5286D036700BD5EDB /* LaunchScreen.storyboard */,
				3CF652B8286D036700BD5EDB /* Info.plist */,
				3CF652B9286D036700BD5EDB /* main.m */,
			);
			path = Playmate;
			sourceTree = "<group>";
		};
		3CF652C2286D036700BD5EDB /* PlaymateTests */ = {
			isa = PBXGroup;
			children = (
				3CF652C3286D036700BD5EDB /* PlaymateTests.m */,
			);
			path = PlaymateTests;
			sourceTree = "<group>";
		};
		3CF652CC286D036700BD5EDB /* PlaymateUITests */ = {
			isa = PBXGroup;
			children = (
				3CF652CD286D036700BD5EDB /* PlaymateUITests.m */,
				3CF652CF286D036700BD5EDB /* PlaymateUITestsLaunchTests.m */,
			);
			path = PlaymateUITests;
			sourceTree = "<group>";
		};
/* End PBXGroup section */

/* Begin PBXNativeTarget section */
		3CF652A3286D036600BD5EDB /* Playmate */ = {
			isa = PBXNativeTarget;
			buildConfigurationList = 3CF652D3286D036700BD5EDB /* Build configuration list for PBXNativeTarget "Playmate" */;
			buildPhases = (
				41C23EDCDDF05C7C6BEAA845 /* [CP] Check Pods Manifest.lock */,
				3CF652A0286D036600BD5EDB /* Sources */,
				3CF652A1286D036600BD5EDB /* Frameworks */,
				3CF652A2286D036600BD5EDB /* Resources */,
			);
			buildRules = (
			);
			dependencies = (
			);
			name = Playmate;
			productName = Playmate;
			productReference = 3CF652A4286D036600BD5EDB /* Playmate.app */;
			productType = "com.apple.product-type.application";
		};
		3CF652BE286D036700BD5EDB /* PlaymateTests */ = {
			isa = PBXNativeTarget;
			buildConfigurationList = 3CF652D6286D036700BD5EDB /* Build configuration list for PBXNativeTarget "PlaymateTests" */;
			buildPhases = (
				41F6352D6B704A16E4FB1ADB /* [CP] Check Pods Manifest.lock */,
				3CF652BB286D036700BD5EDB /* Sources */,
				3CF652BC286D036700BD5EDB /* Frameworks */,
				3CF652BD286D036700BD5EDB /* Resources */,
			);
			buildRules = (
			);
			dependencies = (
				3CF652C1286D036700BD5EDB /* PBXTargetDependency */,
			);
			name = PlaymateTests;
			productName = PlaymateTests;
			productReference = 3CF652BF286D036700BD5EDB /* PlaymateTests.xctest */;
			productType = "com.apple.product-type.bundle.unit-test";
		};
		3CF652C8286D036700BD5EDB /* PlaymateUITests */ = {
			isa = PBXNativeTarget;
			buildConfigurationList = 3CF652D9286D036700BD5EDB /* Build configuration list for PBXNativeTarget "PlaymateUITests" */;
			buildPhases = (
				4C625E825B539752D6504EE6 /* [CP] Check Pods Manifest.lock */,
				3CF652C5286D036700BD5EDB /* Sources */,
				3CF652C6286D036700BD5EDB /* Frameworks */,
				3CF652C7286D036700BD5EDB /* Resources */,
			);
			buildRules = (
			);
			dependencies = (
				3CF652CB286D036700BD5EDB /* PBXTargetDependency */,
			);
			name = PlaymateUITests;
			productName = PlaymateUITests;
			productReference = 3CF652C9286D036700BD5EDB /* PlaymateUITests.xctest */;
			productType = "com.apple.product-type.bundle.ui-testing";
		};
/* End PBXNativeTarget section */

/* Begin PBXProject section */
		3CF6529C286D036600BD5EDB /* Project object */ = {
			isa = PBXProject;
			attributes = {
				BuildIndependentTargetsInParallel = 1;
				LastUpgradeCheck = 1340;
				TargetAttributes = {
					3CF652A3286D036600BD5EDB = {
						CreatedOnToolsVersion = 13.4;
					};
					3CF652BE286D036700BD5EDB = {
						CreatedOnToolsVersion = 13.4;
						TestTargetID = 3CF652A3286D036600BD5EDB;
					};
					3CF652C8286D036700BD5EDB = {
						CreatedOnToolsVersion = 13.4;
						TestTargetID = 3CF652A3286D036600BD5EDB;
					};
				};
			};
			buildConfigurationList = 3CF6529F286D036600BD5EDB /* Build configuration list for PBXProject "Playmate" */;
			compatibilityVersion = "Xcode 13.0";
			developmentRegion = en;
			hasScannedForEncodings = 0;
			knownRegions = (
				en,
				Base,
			);
			mainGroup = 3CF6529B286D036600BD5EDB;
			productRefGroup = 3CF652A5286D036600BD5EDB /* Products */;
			projectDirPath = "";
			projectRoot = "";
			targets = (
				3CF652A3286D036600BD5EDB /* Playmate */,
				3CF652BE286D036700BD5EDB /* PlaymateTests */,
				3CF652C8286D036700BD5EDB /* PlaymateUITests */,
			);
		};
/* End PBXProject section */

/* Begin PBXResourcesBuildPhase section */
		3CF652A2286D036600BD5EDB /* Resources */ = {
			isa = PBXResourcesBuildPhase;
			buildActionMask = 2147483647;
			files = (
				3CF652B7286D036700BD5EDB /* LaunchScreen.storyboard in Resources */,
				3CF652B4286D036700BD5EDB /* Assets.xcassets in Resources */,
				3CF652B2286D036600BD5EDB /* Main.storyboard in Resources */,
			);
			runOnlyForDeploymentPostprocessing = 0;
		};
		3CF652BD286D036700BD5EDB /* Resources */ = {
			isa = PBXResourcesBuildPhase;
			buildActionMask = 2147483647;
			files = (
			);
			runOnlyForDeploymentPostprocessing = 0;
		};
		3CF652C7286D036700BD5EDB /* Resources */ = {
			isa = PBXResourcesBuildPhase;
			buildActionMask = 2147483647;
			files = (
			);
			runOnlyForDeploymentPostprocessing = 0;
		};
/* End PBXResourcesBuildPhase section */

/* Begin PBXShellScriptBuildPhase section */
		41C23EDCDDF05C7C6BEAA845 /* [CP] Check Pods Manifest.lock */ = {
			isa = PBXShellScriptBuildPhase;
			buildActionMask = 2147483647;
			files = (
			);
			inputFileListPaths = (
			);
			inputPaths = (
				"${PODS_PODFILE_DIR_PATH}/Podfile.lock",
				"${PODS_ROOT}/Manifest.lock",
			);
			name = "[CP] Check Pods Manifest.lock";
			outputFileListPaths = (
			);
			outputPaths = (
				"$(DERIVED_FILE_DIR)/Pods-Playmate-checkManifestLockResult.txt",
			);
			runOnlyForDeploymentPostprocessing = 0;
			shellPath = /bin/sh;
			shellScript = "diff \"${PODS_PODFILE_DIR_PATH}/Podfile.lock\" \"${PODS_ROOT}/Manifest.lock\" > /dev/null\nif [ $? != 0 ] ; then\n    # print error to STDERR\n    echo \"error: The sandbox is not in sync with the Podfile.lock. Run 'pod install' or update your CocoaPods installation.\" >&2\n    exit 1\nfi\n# This output is used by Xcode 'outputs' to avoid re-running this script phase.\necho \"SUCCESS\" > \"${SCRIPT_OUTPUT_FILE_0}\"\n";
			showEnvVarsInLog = 0;
		};
		41F6352D6B704A16E4FB1ADB /* [CP] Check Pods Manifest.lock */ = {
			isa = PBXShellScriptBuildPhase;
			buildActionMask = 2147483647;
			files = (
			);
			inputFileListPaths = (
			);
			inputPaths = (
				"${PODS_PODFILE_DIR_PATH}/Podfile.lock",
				"${PODS_ROOT}/Manifest.lock",
			);
			name = "[CP] Check Pods Manifest.lock";
			outputFileListPaths = (
			);
			outputPaths = (
				"$(DERIVED_FILE_DIR)/Pods-PlaymateTests-checkManifestLockResult.txt",
			);
			runOnlyForDeploymentPostprocessing = 0;
			shellPath = /bin/sh;
			shellScript = "diff \"${PODS_PODFILE_DIR_PATH}/Podfile.lock\" \"${PODS_ROOT}/Manifest.lock\" > /dev/null\nif [ $? != 0 ] ; then\n    # print error to STDERR\n    echo \"error: The sandbox is not in sync with the Podfile.lock. Run 'pod install' or update your CocoaPods installation.\" >&2\n    exit 1\nfi\n# This output is used by Xcode 'outputs' to avoid re-running this script phase.\necho \"SUCCESS\" > \"${SCRIPT_OUTPUT_FILE_0}\"\n";
			showEnvVarsInLog = 0;
		};
		4C625E825B539752D6504EE6 /* [CP] Check Pods Manifest.lock */ = {
			isa = PBXShellScriptBuildPhase;
			buildActionMask = 2147483647;
			files = (
			);
			inputFileListPaths = (
			);
			inputPaths = (
				"${PODS_PODFILE_DIR_PATH}/Podfile.lock",
				"${PODS_ROOT}/Manifest.lock",
			);
			name = "[CP] Check Pods Manifest.lock";
			outputFileListPaths = (
			);
			outputPaths = (
				"$(DERIVED_FILE_DIR)/Pods-Playmate-PlaymateUITests-checkManifestLockResult.txt",
			);
			runOnlyForDeploymentPostprocessing = 0;
			shellPath = /bin/sh;
			shellScript = "diff \"${PODS_PODFILE_DIR_PATH}/Podfile.lock\" \"${PODS_ROOT}/Manifest.lock\" > /dev/null\nif [ $? != 0 ] ; then\n    # print error to STDERR\n    echo \"error: The sandbox is not in sync with the Podfile.lock. Run 'pod install' or update your CocoaPods installation.\" >&2\n    exit 1\nfi\n# This output is used by Xcode 'outputs' to avoid re-running this script phase.\necho \"SUCCESS\" > \"${SCRIPT_OUTPUT_FILE_0}\"\n";
			showEnvVarsInLog = 0;
		};
/* End PBXShellScriptBuildPhase section */

/* Begin PBXSourcesBuildPhase section */
		3CF652A0286D036600BD5EDB /* Sources */ = {
			isa = PBXSourcesBuildPhase;
			buildActionMask = 2147483647;
			files = (
				3CF652AF286D036600BD5EDB /* ViewController.m in Sources */,
				3CF652A9286D036600BD5EDB /* AppDelegate.m in Sources */,
				3CF652BA286D036700BD5EDB /* main.m in Sources */,
				3CF652AC286D036600BD5EDB /* SceneDelegate.m in Sources */,
			);
			runOnlyForDeploymentPostprocessing = 0;
		};
		3CF652BB286D036700BD5EDB /* Sources */ = {
			isa = PBXSourcesBuildPhase;
			buildActionMask = 2147483647;
			files = (
				3CF652C4286D036700BD5EDB /* PlaymateTests.m in Sources */,
			);
			runOnlyForDeploymentPostprocessing = 0;
		};
		3CF652C5286D036700BD5EDB /* Sources */ = {
			isa = PBXSourcesBuildPhase;
			buildActionMask = 2147483647;
			files = (
				3CF652CE286D036700BD5EDB /* PlaymateUITests.m in Sources */,
				3CF652D0286D036700BD5EDB /* PlaymateUITestsLaunchTests.m in Sources */,
			);
			runOnlyForDeploymentPostprocessing = 0;
		};
/* End PBXSourcesBuildPhase section */

/* Begin PBXTargetDependency section */
		3CF652C1286D036700BD5EDB /* PBXTargetDependency */ = {
			isa = PBXTargetDependency;
			target = 3CF652A3286D036600BD5EDB /* Playmate */;
			targetProxy = 3CF652C0286D036700BD5EDB /* PBXContainerItemProxy */;
		};
		3CF652CB286D036700BD5EDB /* PBXTargetDependency */ = {
			isa = PBXTargetDependency;
			target = 3CF652A3286D036600BD5EDB /* Playmate */;
			targetProxy = 3CF652CA286D036700BD5EDB /* PBXContainerItemProxy */;
		};
/* End PBXTargetDependency section */

/* Begin PBXVariantGroup section */
		3CF652B0286D036600BD5EDB /* Main.storyboard */ = {
			isa = PBXVariantGroup;
			children = (
				3CF652B1286D036600BD5EDB /* Base */,
			);
			name = Main.storyboard;
			sourceTree = "<group>";
		};
		3CF652B5286D036700BD5EDB /* LaunchScreen.storyboard */ = {
			isa = PBXVariantGroup;
			children = (
				3CF652B6286D036700BD5EDB /* Base */,
			);
			name = LaunchScreen.storyboard;
			sourceTree = "<group>";
		};
/* End PBXVariantGroup section */

/* Begin XCBuildConfiguration section */
		3CF652D1286D036700BD5EDB /* Debug */ = {
			isa = XCBuildConfiguration;
			buildSettings = {
				ALWAYS_SEARCH_USER_PATHS = NO;
				CLANG_ANALYZER_NONNULL = YES;
				CLANG_ANALYZER_NUMBER_OBJECT_CONVERSION = YES_AGGRESSIVE;
				CLANG_CXX_LANGUAGE_STANDARD = "gnu++17";
				CLANG_ENABLE_MODULES = YES;
				CLANG_ENABLE_OBJC_ARC = YES;
				CLANG_ENABLE_OBJC_WEAK = YES;
				CLANG_WARN_BLOCK_CAPTURE_AUTORELEASING = YES;
				CLANG_WARN_BOOL_CONVERSION = YES;
				CLANG_WARN_COMMA = YES;
				CLANG_WARN_CONSTANT_CONVERSION = YES;
				CLANG_WARN_DEPRECATED_OBJC_IMPLEMENTATIONS = YES;
				CLANG_WARN_DIRECT_OBJC_ISA_USAGE = YES_ERROR;
				CLANG_WARN_DOCUMENTATION_COMMENTS = YES;
				CLANG_WARN_EMPTY_BODY = YES;
				CLANG_WARN_ENUM_CONVERSION = YES;
				CLANG_WARN_INFINITE_RECURSION = YES;
				CLANG_WARN_INT_CONVERSION = YES;
				CLANG_WARN_NON_LITERAL_NULL_CONVERSION = YES;
				CLANG_WARN_OBJC_IMPLICIT_RETAIN_SELF = YES;
				CLANG_WARN_OBJC_LITERAL_CONVERSION = YES;
				CLANG_WARN_OBJC_ROOT_CLASS = YES_ERROR;
				CLANG_WARN_QUOTED_INCLUDE_IN_FRAMEWORK_HEADER = YES;
				CLANG_WARN_RANGE_LOOP_ANALYSIS = YES;
				CLANG_WARN_STRICT_PROTOTYPES = YES;
				CLANG_WARN_SUSPICIOUS_MOVE = YES;
				CLANG_WARN_UNGUARDED_AVAILABILITY = YES_AGGRESSIVE;
				CLANG_WARN_UNREACHABLE_CODE = YES;
				CLANG_WARN__DUPLICATE_METHOD_MATCH = YES;
				COPY_PHASE_STRIP = NO;
				DEBUG_INFORMATION_FORMAT = dwarf;
				ENABLE_STRICT_OBJC_MSGSEND = YES;
				ENABLE_TESTABILITY = YES;
				GCC_C_LANGUAGE_STANDARD = gnu11;
				GCC_DYNAMIC_NO_PIC = NO;
				GCC_NO_COMMON_BLOCKS = YES;
				GCC_OPTIMIZATION_LEVEL = 0;
				GCC_PREPROCESSOR_DEFINITIONS = (
					"DEBUG=1",
					"$(inherited)",
				);
				GCC_WARN_64_TO_32_BIT_CONVERSION = YES;
				GCC_WARN_ABOUT_RETURN_TYPE = YES_ERROR;
				GCC_WARN_UNDECLARED_SELECTOR = YES;
				GCC_WARN_UNINITIALIZED_AUTOS = YES_AGGRESSIVE;
				GCC_WARN_UNUSED_FUNCTION = YES;
				GCC_WARN_UNUSED_VARIABLE = YES;
				IPHONEOS_DEPLOYMENT_TARGET = 15.5;
				MTL_ENABLE_DEBUG_INFO = INCLUDE_SOURCE;
				MTL_FAST_MATH = YES;
				ONLY_ACTIVE_ARCH = YES;
				SDKROOT = iphoneos;
			};
			name = Debug;
		};
		3CF652D2286D036700BD5EDB /* Release */ = {
			isa = XCBuildConfiguration;
			buildSettings = {
				ALWAYS_SEARCH_USER_PATHS = NO;
				CLANG_ANALYZER_NONNULL = YES;
				CLANG_ANALYZER_NUMBER_OBJECT_CONVERSION = YES_AGGRESSIVE;
				CLANG_CXX_LANGUAGE_STANDARD = "gnu++17";
				CLANG_ENABLE_MODULES = YES;
				CLANG_ENABLE_OBJC_ARC = YES;
				CLANG_ENABLE_OBJC_WEAK = YES;
				CLANG_WARN_BLOCK_CAPTURE_AUTORELEASING = YES;
				CLANG_WARN_BOOL_CONVERSION = YES;
				CLANG_WARN_COMMA = YES;
				CLANG_WARN_CONSTANT_CONVERSION = YES;
				CLANG_WARN_DEPRECATED_OBJC_IMPLEMENTATIONS = YES;
				CLANG_WARN_DIRECT_OBJC_ISA_USAGE = YES_ERROR;
				CLANG_WARN_DOCUMENTATION_COMMENTS = YES;
				CLANG_WARN_EMPTY_BODY = YES;
				CLANG_WARN_ENUM_CONVERSION = YES;
				CLANG_WARN_INFINITE_RECURSION = YES;
				CLANG_WARN_INT_CONVERSION = YES;
				CLANG_WARN_NON_LITERAL_NULL_CONVERSION = YES;
				CLANG_WARN_OBJC_IMPLICIT_RETAIN_SELF = YES;
				CLANG_WARN_OBJC_LITERAL_CONVERSION = YES;
				CLANG_WARN_OBJC_ROOT_CLASS = YES_ERROR;
				CLANG_WARN_QUOTED_INCLUDE_IN_FRAMEWORK_HEADER = YES;
				CLANG_WARN_RANGE_LOOP_ANALYSIS = YES;
				CLANG_WARN_STRICT_PROTOTYPES = YES;
				CLANG_WARN_SUSPICIOUS_MOVE = YES;
				CLANG_WARN_UNGUARDED_AVAILABILITY = YES_AGGRESSIVE;
				CLANG_WARN_UNREACHABLE_CODE = YES;
				CLANG_WARN__DUPLICATE_METHOD_MATCH = YES;
				COPY_PHASE_STRIP = NO;
				DEBUG_INFORMATION_FORMAT = "dwarf-with-dsym";
				ENABLE_NS_ASSERTIONS = NO;
				ENABLE_STRICT_OBJC_MSGSEND = YES;
				GCC_C_LANGUAGE_STANDARD = gnu11;
				GCC_NO_COMMON_BLOCKS = YES;
				GCC_WARN_64_TO_32_BIT_CONVERSION = YES;
				GCC_WARN_ABOUT_RETURN_TYPE = YES_ERROR;
				GCC_WARN_UNDECLARED_SELECTOR = YES;
				GCC_WARN_UNINITIALIZED_AUTOS = YES_AGGRESSIVE;
				GCC_WARN_UNUSED_FUNCTION = YES;
				GCC_WARN_UNUSED_VARIABLE = YES;
				IPHONEOS_DEPLOYMENT_TARGET = 15.5;
				MTL_ENABLE_DEBUG_INFO = NO;
				MTL_FAST_MATH = YES;
				SDKROOT = iphoneos;
				VALIDATE_PRODUCT = YES;
			};
			name = Release;
		};
		3CF652D4286D036700BD5EDB /* Debug */ = {
			isa = XCBuildConfiguration;
			baseConfigurationReference = 800279DF597BBCEBA6BE453C /* Pods-Playmate.debug.xcconfig */;
			buildSettings = {
				ASSETCATALOG_COMPILER_APPICON_NAME = AppIcon;
				ASSETCATALOG_COMPILER_GLOBAL_ACCENT_COLOR_NAME = AccentColor;
				CODE_SIGN_STYLE = Automatic;
				CURRENT_PROJECT_VERSION = 1;
				DEVELOPMENT_TEAM = J9M7RNK2K7;
				GENERATE_INFOPLIST_FILE = YES;
				INFOPLIST_FILE = Playmate/Info.plist;
				INFOPLIST_KEY_UIApplicationSupportsIndirectInputEvents = YES;
				INFOPLIST_KEY_UILaunchStoryboardName = LaunchScreen;
				INFOPLIST_KEY_UIMainStoryboardFile = Main;
				INFOPLIST_KEY_UISupportedInterfaceOrientations_iPad = "UIInterfaceOrientationPortrait UIInterfaceOrientationPortraitUpsideDown UIInterfaceOrientationLandscapeLeft UIInterfaceOrientationLandscapeRight";
				INFOPLIST_KEY_UISupportedInterfaceOrientations_iPhone = "UIInterfaceOrientationPortrait UIInterfaceOrientationLandscapeLeft UIInterfaceOrientationLandscapeRight";
				LD_RUNPATH_SEARCH_PATHS = (
					"$(inherited)",
					"@executable_path/Frameworks",
				);
				MARKETING_VERSION = 1.0;
				PRODUCT_BUNDLE_IDENTIFIER = com.jocelyntseng.Playmate;
				PRODUCT_NAME = "$(TARGET_NAME)";
				SWIFT_EMIT_LOC_STRINGS = YES;
				TARGETED_DEVICE_FAMILY = "1,2";
			};
			name = Debug;
		};
		3CF652D5286D036700BD5EDB /* Release */ = {
			isa = XCBuildConfiguration;
			baseConfigurationReference = 1059025D3CDF17E06B31BC42 /* Pods-Playmate.release.xcconfig */;
			buildSettings = {
				ASSETCATALOG_COMPILER_APPICON_NAME = AppIcon;
				ASSETCATALOG_COMPILER_GLOBAL_ACCENT_COLOR_NAME = AccentColor;
				CODE_SIGN_STYLE = Automatic;
				CURRENT_PROJECT_VERSION = 1;
				DEVELOPMENT_TEAM = J9M7RNK2K7;
				GENERATE_INFOPLIST_FILE = YES;
				INFOPLIST_FILE = Playmate/Info.plist;
				INFOPLIST_KEY_UIApplicationSupportsIndirectInputEvents = YES;
				INFOPLIST_KEY_UILaunchStoryboardName = LaunchScreen;
				INFOPLIST_KEY_UIMainStoryboardFile = Main;
				INFOPLIST_KEY_UISupportedInterfaceOrientations_iPad = "UIInterfaceOrientationPortrait UIInterfaceOrientationPortraitUpsideDown UIInterfaceOrientationLandscapeLeft UIInterfaceOrientationLandscapeRight";
				INFOPLIST_KEY_UISupportedInterfaceOrientations_iPhone = "UIInterfaceOrientationPortrait UIInterfaceOrientationLandscapeLeft UIInterfaceOrientationLandscapeRight";
				LD_RUNPATH_SEARCH_PATHS = (
					"$(inherited)",
					"@executable_path/Frameworks",
				);
				MARKETING_VERSION = 1.0;
				PRODUCT_BUNDLE_IDENTIFIER = com.jocelyntseng.Playmate;
				PRODUCT_NAME = "$(TARGET_NAME)";
				SWIFT_EMIT_LOC_STRINGS = YES;
				TARGETED_DEVICE_FAMILY = "1,2";
			};
			name = Release;
		};
		3CF652D7286D036700BD5EDB /* Debug */ = {
			isa = XCBuildConfiguration;
			baseConfigurationReference = FF2B0E1FD4D45687AF145ED9 /* Pods-PlaymateTests.debug.xcconfig */;
			buildSettings = {
				BUNDLE_LOADER = "$(TEST_HOST)";
				CODE_SIGN_STYLE = Automatic;
				CURRENT_PROJECT_VERSION = 1;
				DEVELOPMENT_TEAM = J9M7RNK2K7;
				GENERATE_INFOPLIST_FILE = YES;
				IPHONEOS_DEPLOYMENT_TARGET = 15.5;
				MARKETING_VERSION = 1.0;
				PRODUCT_BUNDLE_IDENTIFIER = com.jocelyntseng.PlaymateTests;
				PRODUCT_NAME = "$(TARGET_NAME)";
				SWIFT_EMIT_LOC_STRINGS = NO;
				TARGETED_DEVICE_FAMILY = "1,2";
				TEST_HOST = "$(BUILT_PRODUCTS_DIR)/Playmate.app/Playmate";
			};
			name = Debug;
		};
		3CF652D8286D036700BD5EDB /* Release */ = {
			isa = XCBuildConfiguration;
			baseConfigurationReference = AD08A1F50360995E6DE4A292 /* Pods-PlaymateTests.release.xcconfig */;
			buildSettings = {
				BUNDLE_LOADER = "$(TEST_HOST)";
				CODE_SIGN_STYLE = Automatic;
				CURRENT_PROJECT_VERSION = 1;
				DEVELOPMENT_TEAM = J9M7RNK2K7;
				GENERATE_INFOPLIST_FILE = YES;
				IPHONEOS_DEPLOYMENT_TARGET = 15.5;
				MARKETING_VERSION = 1.0;
				PRODUCT_BUNDLE_IDENTIFIER = com.jocelyntseng.PlaymateTests;
				PRODUCT_NAME = "$(TARGET_NAME)";
				SWIFT_EMIT_LOC_STRINGS = NO;
				TARGETED_DEVICE_FAMILY = "1,2";
				TEST_HOST = "$(BUILT_PRODUCTS_DIR)/Playmate.app/Playmate";
			};
			name = Release;
		};
		3CF652DA286D036700BD5EDB /* Debug */ = {
			isa = XCBuildConfiguration;
			baseConfigurationReference = DAD251C7853652F8ACE567BF /* Pods-Playmate-PlaymateUITests.debug.xcconfig */;
			buildSettings = {
				CODE_SIGN_STYLE = Automatic;
				CURRENT_PROJECT_VERSION = 1;
				DEVELOPMENT_TEAM = J9M7RNK2K7;
				GENERATE_INFOPLIST_FILE = YES;
				MARKETING_VERSION = 1.0;
				PRODUCT_BUNDLE_IDENTIFIER = com.jocelyntseng.PlaymateUITests;
				PRODUCT_NAME = "$(TARGET_NAME)";
				SWIFT_EMIT_LOC_STRINGS = NO;
				TARGETED_DEVICE_FAMILY = "1,2";
				TEST_TARGET_NAME = Playmate;
			};
			name = Debug;
		};
		3CF652DB286D036700BD5EDB /* Release */ = {
			isa = XCBuildConfiguration;
			baseConfigurationReference = AD00E5429DE6806BE7940634 /* Pods-Playmate-PlaymateUITests.release.xcconfig */;
			buildSettings = {
				CODE_SIGN_STYLE = Automatic;
				CURRENT_PROJECT_VERSION = 1;
				DEVELOPMENT_TEAM = J9M7RNK2K7;
				GENERATE_INFOPLIST_FILE = YES;
				MARKETING_VERSION = 1.0;
				PRODUCT_BUNDLE_IDENTIFIER = com.jocelyntseng.PlaymateUITests;
				PRODUCT_NAME = "$(TARGET_NAME)";
				SWIFT_EMIT_LOC_STRINGS = NO;
				TARGETED_DEVICE_FAMILY = "1,2";
				TEST_TARGET_NAME = Playmate;
			};
			name = Release;
		};
/* End XCBuildConfiguration section */

/* Begin XCConfigurationList section */
		3CF6529F286D036600BD5EDB /* Build configuration list for PBXProject "Playmate" */ = {
			isa = XCConfigurationList;
			buildConfigurations = (
				3CF652D1286D036700BD5EDB /* Debug */,
				3CF652D2286D036700BD5EDB /* Release */,
			);
			defaultConfigurationIsVisible = 0;
			defaultConfigurationName = Release;
		};
		3CF652D3286D036700BD5EDB /* Build configuration list for PBXNativeTarget "Playmate" */ = {
			isa = XCConfigurationList;
			buildConfigurations = (
				3CF652D4286D036700BD5EDB /* Debug */,
				3CF652D5286D036700BD5EDB /* Release */,
			);
			defaultConfigurationIsVisible = 0;
			defaultConfigurationName = Release;
		};
		3CF652D6286D036700BD5EDB /* Build configuration list for PBXNativeTarget "PlaymateTests" */ = {
			isa = XCConfigurationList;
			buildConfigurations = (
				3CF652D7286D036700BD5EDB /* Debug */,
				3CF652D8286D036700BD5EDB /* Release */,
			);
			defaultConfigurationIsVisible = 0;
			defaultConfigurationName = Release;
		};
		3CF652D9286D036700BD5EDB /* Build configuration list for PBXNativeTarget "PlaymateUITests" */ = {
			isa = XCConfigurationList;
			buildConfigurations = (
				3CF652DA286D036700BD5EDB /* Debug */,
				3CF652DB286D036700BD5EDB /* Release */,
			);
			defaultConfigurationIsVisible = 0;
			defaultConfigurationName = Release;
		};
/* End XCConfigurationList section */
	};
	rootObject = 3CF6529C286D036600BD5EDB /* Project object */;
}
